
Microsoft Visual Studio Solution File, Format Version 12.00
# Visual Studio Version 17
VisualStudioVersion = 17.1.31903.286
MinimumVisualStudioVersion = 10.0.40219.1
Project("{2150E333-8FDC-42A3-9474-1A3956D46DE8}") = "samples", "samples", "{F42C65EA-6E6A-43B9-9D9F-D8C6063AD309}"
	ProjectSection(SolutionItems) = preProject
		src\samples\Directory.Packages.props = src\samples\Directory.Packages.props
	EndProjectSection
EndProject
Project("{2150E333-8FDC-42A3-9474-1A3956D46DE8}") = "library", "library", "{EB41D6CC-AEBE-40A8-B42C-D3F7FBA7001E}"
	ProjectSection(SolutionItems) = preProject
		src\library\Directory.Packages.props = src\library\Directory.Packages.props
	EndProjectSection
EndProject
Project("{2150E333-8FDC-42A3-9474-1A3956D46DE8}") = "build", "build", "{464D0819-2E75-4DED-9F70-039580314AFA}"
	ProjectSection(SolutionItems) = preProject
		azure-pipelines.yml = azure-pipelines.yml
		build\gitversion.yml = build\gitversion.yml
		build\stage-build.yml = build\stage-build.yml
	EndProjectSection
EndProject
Project("{2150E333-8FDC-42A3-9474-1A3956D46DE8}") = "workflows", "workflows", "{1EB1EA7F-DD48-49C2-97B3-ADB8E86EF28D}"
	ProjectSection(SolutionItems) = preProject
		.github\workflows\conventional-commits.yml = .github\workflows\conventional-commits.yml
	EndProjectSection
EndProject
Project("{2150E333-8FDC-42A3-9474-1A3956D46DE8}") = "docs", "docs", "{DBF3AF2F-F909-4106-A436-7D76CBFBADCC}"
	ProjectSection(SolutionItems) = preProject
		CHANGELOG.md = CHANGELOG.md
		CODE_OF_CONDUCT.md = CODE_OF_CONDUCT.md
		CONTRIBUTING.md = CONTRIBUTING.md
		LICENSE = LICENSE
		README.md = README.md
	EndProjectSection
EndProject
Project("{2150E333-8FDC-42A3-9474-1A3956D46DE8}") = "Solution Items", "Solution Items", "{742B3533-50A6-4A1F-A62F-25924F2FA3A6}"
	ProjectSection(SolutionItems) = preProject
		crosstargeting_override.props.sample = crosstargeting_override.props.sample
		Directory.Build.props = Directory.Build.props
		Directory.Build.targets = Directory.Build.targets
		global.json = global.json
		PlatformItemGroups.props = PlatformItemGroups.props
		src\library\tfm-common-uwp.props = src\library\tfm-common-uwp.props
		src\library\tfm-common-winui.props = src\library\tfm-common-winui.props
		Uno.CrossTargeting.props = Uno.CrossTargeting.props
		winappsdk-workaround.targets = winappsdk-workaround.targets
	EndProjectSection
EndProject
Project("{2150E333-8FDC-42A3-9474-1A3956D46DE8}") = "winui", "winui", "{D97BEC09-0A93-4D13-BEB8-C05E937C40A4}"
	ProjectSection(SolutionItems) = preProject
		src\samples\WinUI\Directory.Build.props = src\samples\WinUI\Directory.Build.props
	EndProjectSection
EndProject
Project("{9A19103F-16F7-4668-BE54-9A1E7A4F7556}") = "Uno.Cupertino", "src\library\Uno.Cupertino\Uno.Cupertino.csproj", "{98C1FDAC-C692-4C65-99E7-70FDD53B8F2E}"
EndProject
Project("{9A19103F-16F7-4668-BE54-9A1E7A4F7556}") = "Uno.Themes.WinUI.Markup", "src\library\Uno.Themes.WinUI.Markup\Uno.Themes.WinUI.Markup.csproj", "{421B820E-7229-482D-9F2C-06A14DFC9811}"
EndProject
Project("{9A19103F-16F7-4668-BE54-9A1E7A4F7556}") = "Uno.Material.WinUI.Markup", "src\library\Uno.Material.WinUI.Markup\Uno.Material.WinUI.Markup.csproj", "{827BA965-C6B9-4D31-B973-49B885771E79}"
EndProject
Project("{9A19103F-16F7-4668-BE54-9A1E7A4F7556}") = "Uno.Themes", "src\library\Uno.Themes\Uno.Themes.csproj", "{E2640212-3219-47EF-A9A8-5C4AA9DCDE73}"
EndProject
Project("{9A19103F-16F7-4668-BE54-9A1E7A4F7556}") = "Uno.Material.WinUI", "src\library\Uno.Material\Uno.Material.WinUI.csproj", "{E0FC9826-5746-4760-B801-8A5E27A704AA}"
EndProject
Project("{9A19103F-16F7-4668-BE54-9A1E7A4F7556}") = "Uno.Cupertino.WinUI", "src\library\Uno.Cupertino\Uno.Cupertino.WinUI.csproj", "{74E3F02A-1AB9-4F4B-90B1-3FB32E1EAFA5}"
EndProject
Project("{9A19103F-16F7-4668-BE54-9A1E7A4F7556}") = "Uno.Themes.WinUI", "src\library\Uno.Themes\Uno.Themes.WinUI.csproj", "{A76583FA-B6B7-4B6D-9879-D73957E0F9AA}"
EndProject
Project("{2150E333-8FDC-42A3-9474-1A3956D46DE8}") = "src", "src", "{827E0CD3-B72D-47B6-A68D-7590B98EB39B}"
EndProject
Project("{2150E333-8FDC-42A3-9474-1A3956D46DE8}") = "samples", "samples", "{D1B4CF99-7947-DD6C-81D0-5B5B3989814C}"
EndProject
Project("{2150E333-8FDC-42A3-9474-1A3956D46DE8}") = "WinUI", "WinUI", "{ADA5D8D0-9A25-6A64-3B07-F465FEB72062}"
EndProject
Project("{2150E333-8FDC-42A3-9474-1A3956D46DE8}") = "Uno.Themes.Samples", "Uno.Themes.Samples", "{582B63E2-D68A-9366-84F7-52C210BBC86E}"
EndProject
Project("{FAE04EC0-301F-11D3-BF4B-00C04F79EFBC}") = "Uno.Themes.Samples", "src\samples\WinUI\Uno.Themes.Samples\Uno.Themes.Samples\Uno.Themes.Samples.csproj", "{71EF983F-C73B-4E29-98AD-0AE322455F06}"
EndProject
Global
	GlobalSection(SolutionConfigurationPlatforms) = preSolution
		Debug|Android = Debug|Android
		Debug|Any CPU = Debug|Any CPU
		Debug|arm64 = Debug|arm64
		Debug|iPhone = Debug|iPhone
		Debug|iPhoneSimulator = Debug|iPhoneSimulator
		Debug|macOS = Debug|macOS
		Debug|Packages_WinUI = Debug|Packages_WinUI
		Debug|Tests = Debug|Tests
		Debug|WASM = Debug|WASM
		Debug|x64 = Debug|x64
		Debug|x86 = Debug|x86
		Release|Android = Release|Android
		Release|Any CPU = Release|Any CPU
		Release|arm64 = Release|arm64
		Release|iPhone = Release|iPhone
		Release|iPhoneSimulator = Release|iPhoneSimulator
		Release|macOS = Release|macOS
		Release|Packages_WinUI = Release|Packages_WinUI
		Release|Tests = Release|Tests
		Release|WASM = Release|WASM
		Release|x64 = Release|x64
		Release|x86 = Release|x86
	EndGlobalSection
	GlobalSection(ProjectConfigurationPlatforms) = postSolution
		{98C1FDAC-C692-4C65-99E7-70FDD53B8F2E}.Debug|Android.ActiveCfg = Debug|Any CPU
		{98C1FDAC-C692-4C65-99E7-70FDD53B8F2E}.Debug|Android.Build.0 = Debug|Any CPU
		{98C1FDAC-C692-4C65-99E7-70FDD53B8F2E}.Debug|Any CPU.ActiveCfg = Debug|Any CPU
		{98C1FDAC-C692-4C65-99E7-70FDD53B8F2E}.Debug|Any CPU.Build.0 = Debug|Any CPU
		{98C1FDAC-C692-4C65-99E7-70FDD53B8F2E}.Debug|arm64.ActiveCfg = Debug|Any CPU
		{98C1FDAC-C692-4C65-99E7-70FDD53B8F2E}.Debug|arm64.Build.0 = Debug|Any CPU
		{98C1FDAC-C692-4C65-99E7-70FDD53B8F2E}.Debug|iPhone.ActiveCfg = Debug|Any CPU
		{98C1FDAC-C692-4C65-99E7-70FDD53B8F2E}.Debug|iPhone.Build.0 = Debug|Any CPU
		{98C1FDAC-C692-4C65-99E7-70FDD53B8F2E}.Debug|iPhoneSimulator.ActiveCfg = Debug|Any CPU
		{98C1FDAC-C692-4C65-99E7-70FDD53B8F2E}.Debug|iPhoneSimulator.Build.0 = Debug|Any CPU
		{98C1FDAC-C692-4C65-99E7-70FDD53B8F2E}.Debug|macOS.ActiveCfg = Debug|Any CPU
		{98C1FDAC-C692-4C65-99E7-70FDD53B8F2E}.Debug|macOS.Build.0 = Debug|Any CPU
		{98C1FDAC-C692-4C65-99E7-70FDD53B8F2E}.Debug|Packages_WinUI.ActiveCfg = Debug|Any CPU
		{98C1FDAC-C692-4C65-99E7-70FDD53B8F2E}.Debug|Packages_WinUI.Build.0 = Debug|Any CPU
		{98C1FDAC-C692-4C65-99E7-70FDD53B8F2E}.Debug|Tests.ActiveCfg = Debug|Any CPU
		{98C1FDAC-C692-4C65-99E7-70FDD53B8F2E}.Debug|Tests.Build.0 = Debug|Any CPU
		{98C1FDAC-C692-4C65-99E7-70FDD53B8F2E}.Debug|WASM.ActiveCfg = Debug|Any CPU
		{98C1FDAC-C692-4C65-99E7-70FDD53B8F2E}.Debug|WASM.Build.0 = Debug|Any CPU
		{98C1FDAC-C692-4C65-99E7-70FDD53B8F2E}.Debug|x64.ActiveCfg = Debug|Any CPU
		{98C1FDAC-C692-4C65-99E7-70FDD53B8F2E}.Debug|x64.Build.0 = Debug|Any CPU
		{98C1FDAC-C692-4C65-99E7-70FDD53B8F2E}.Debug|x86.ActiveCfg = Debug|Any CPU
		{98C1FDAC-C692-4C65-99E7-70FDD53B8F2E}.Debug|x86.Build.0 = Debug|Any CPU
		{98C1FDAC-C692-4C65-99E7-70FDD53B8F2E}.Release|Android.ActiveCfg = Release|Any CPU
		{98C1FDAC-C692-4C65-99E7-70FDD53B8F2E}.Release|Android.Build.0 = Release|Any CPU
		{98C1FDAC-C692-4C65-99E7-70FDD53B8F2E}.Release|Any CPU.ActiveCfg = Release|Any CPU
		{98C1FDAC-C692-4C65-99E7-70FDD53B8F2E}.Release|Any CPU.Build.0 = Release|Any CPU
		{98C1FDAC-C692-4C65-99E7-70FDD53B8F2E}.Release|arm64.ActiveCfg = Release|Any CPU
		{98C1FDAC-C692-4C65-99E7-70FDD53B8F2E}.Release|arm64.Build.0 = Release|Any CPU
		{98C1FDAC-C692-4C65-99E7-70FDD53B8F2E}.Release|iPhone.ActiveCfg = Release|Any CPU
		{98C1FDAC-C692-4C65-99E7-70FDD53B8F2E}.Release|iPhone.Build.0 = Release|Any CPU
		{98C1FDAC-C692-4C65-99E7-70FDD53B8F2E}.Release|iPhoneSimulator.ActiveCfg = Release|Any CPU
		{98C1FDAC-C692-4C65-99E7-70FDD53B8F2E}.Release|iPhoneSimulator.Build.0 = Release|Any CPU
		{98C1FDAC-C692-4C65-99E7-70FDD53B8F2E}.Release|macOS.ActiveCfg = Release|Any CPU
		{98C1FDAC-C692-4C65-99E7-70FDD53B8F2E}.Release|macOS.Build.0 = Release|Any CPU
		{98C1FDAC-C692-4C65-99E7-70FDD53B8F2E}.Release|Packages_WinUI.ActiveCfg = Release|Any CPU
		{98C1FDAC-C692-4C65-99E7-70FDD53B8F2E}.Release|Packages_WinUI.Build.0 = Release|Any CPU
		{98C1FDAC-C692-4C65-99E7-70FDD53B8F2E}.Release|Tests.ActiveCfg = Release|Any CPU
		{98C1FDAC-C692-4C65-99E7-70FDD53B8F2E}.Release|Tests.Build.0 = Release|Any CPU
		{98C1FDAC-C692-4C65-99E7-70FDD53B8F2E}.Release|WASM.ActiveCfg = Release|Any CPU
		{98C1FDAC-C692-4C65-99E7-70FDD53B8F2E}.Release|WASM.Build.0 = Release|Any CPU
		{98C1FDAC-C692-4C65-99E7-70FDD53B8F2E}.Release|x64.ActiveCfg = Release|Any CPU
		{98C1FDAC-C692-4C65-99E7-70FDD53B8F2E}.Release|x64.Build.0 = Release|Any CPU
		{98C1FDAC-C692-4C65-99E7-70FDD53B8F2E}.Release|x86.ActiveCfg = Release|Any CPU
		{98C1FDAC-C692-4C65-99E7-70FDD53B8F2E}.Release|x86.Build.0 = Release|Any CPU
		{421B820E-7229-482D-9F2C-06A14DFC9811}.Debug|Android.ActiveCfg = Debug|Any CPU
		{421B820E-7229-482D-9F2C-06A14DFC9811}.Debug|Any CPU.ActiveCfg = Debug|Any CPU
		{421B820E-7229-482D-9F2C-06A14DFC9811}.Debug|Any CPU.Build.0 = Debug|Any CPU
		{421B820E-7229-482D-9F2C-06A14DFC9811}.Debug|arm64.ActiveCfg = Debug|Any CPU
		{421B820E-7229-482D-9F2C-06A14DFC9811}.Debug|arm64.Build.0 = Debug|Any CPU
		{421B820E-7229-482D-9F2C-06A14DFC9811}.Debug|iPhone.ActiveCfg = Debug|Any CPU
		{421B820E-7229-482D-9F2C-06A14DFC9811}.Debug|iPhoneSimulator.ActiveCfg = Debug|Any CPU
		{421B820E-7229-482D-9F2C-06A14DFC9811}.Debug|iPhoneSimulator.Build.0 = Debug|Any CPU
		{421B820E-7229-482D-9F2C-06A14DFC9811}.Debug|macOS.ActiveCfg = Debug|Any CPU
		{421B820E-7229-482D-9F2C-06A14DFC9811}.Debug|Packages_WinUI.ActiveCfg = Debug|Any CPU
		{421B820E-7229-482D-9F2C-06A14DFC9811}.Debug|Packages_WinUI.Build.0 = Debug|Any CPU
		{421B820E-7229-482D-9F2C-06A14DFC9811}.Debug|Tests.ActiveCfg = Debug|Any CPU
		{421B820E-7229-482D-9F2C-06A14DFC9811}.Debug|Tests.Build.0 = Debug|Any CPU
		{421B820E-7229-482D-9F2C-06A14DFC9811}.Debug|WASM.ActiveCfg = Debug|Any CPU
		{421B820E-7229-482D-9F2C-06A14DFC9811}.Debug|WASM.Build.0 = Debug|Any CPU
		{421B820E-7229-482D-9F2C-06A14DFC9811}.Debug|x64.ActiveCfg = Debug|Any CPU
		{421B820E-7229-482D-9F2C-06A14DFC9811}.Debug|x64.Build.0 = Debug|Any CPU
		{421B820E-7229-482D-9F2C-06A14DFC9811}.Debug|x86.ActiveCfg = Debug|Any CPU
		{421B820E-7229-482D-9F2C-06A14DFC9811}.Debug|x86.Build.0 = Debug|Any CPU
		{421B820E-7229-482D-9F2C-06A14DFC9811}.Release|Android.ActiveCfg = Release|Any CPU
		{421B820E-7229-482D-9F2C-06A14DFC9811}.Release|Any CPU.ActiveCfg = Release|Any CPU
		{421B820E-7229-482D-9F2C-06A14DFC9811}.Release|Any CPU.Build.0 = Release|Any CPU
		{421B820E-7229-482D-9F2C-06A14DFC9811}.Release|arm64.ActiveCfg = Release|Any CPU
		{421B820E-7229-482D-9F2C-06A14DFC9811}.Release|arm64.Build.0 = Release|Any CPU
		{421B820E-7229-482D-9F2C-06A14DFC9811}.Release|iPhone.ActiveCfg = Release|Any CPU
		{421B820E-7229-482D-9F2C-06A14DFC9811}.Release|iPhoneSimulator.ActiveCfg = Release|Any CPU
		{421B820E-7229-482D-9F2C-06A14DFC9811}.Release|iPhoneSimulator.Build.0 = Release|Any CPU
		{421B820E-7229-482D-9F2C-06A14DFC9811}.Release|macOS.ActiveCfg = Release|Any CPU
		{421B820E-7229-482D-9F2C-06A14DFC9811}.Release|Packages_WinUI.ActiveCfg = Release|Any CPU
		{421B820E-7229-482D-9F2C-06A14DFC9811}.Release|Packages_WinUI.Build.0 = Release|Any CPU
		{421B820E-7229-482D-9F2C-06A14DFC9811}.Release|Tests.ActiveCfg = Release|Any CPU
		{421B820E-7229-482D-9F2C-06A14DFC9811}.Release|Tests.Build.0 = Release|Any CPU
		{421B820E-7229-482D-9F2C-06A14DFC9811}.Release|WASM.ActiveCfg = Release|Any CPU
		{421B820E-7229-482D-9F2C-06A14DFC9811}.Release|WASM.Build.0 = Release|Any CPU
		{421B820E-7229-482D-9F2C-06A14DFC9811}.Release|x64.ActiveCfg = Release|Any CPU
		{421B820E-7229-482D-9F2C-06A14DFC9811}.Release|x64.Build.0 = Release|Any CPU
		{421B820E-7229-482D-9F2C-06A14DFC9811}.Release|x86.ActiveCfg = Release|Any CPU
		{421B820E-7229-482D-9F2C-06A14DFC9811}.Release|x86.Build.0 = Release|Any CPU
		{827BA965-C6B9-4D31-B973-49B885771E79}.Debug|Android.ActiveCfg = Debug|Any CPU
		{827BA965-C6B9-4D31-B973-49B885771E79}.Debug|Any CPU.ActiveCfg = Debug|Any CPU
		{827BA965-C6B9-4D31-B973-49B885771E79}.Debug|Any CPU.Build.0 = Debug|Any CPU
		{827BA965-C6B9-4D31-B973-49B885771E79}.Debug|arm64.ActiveCfg = Debug|Any CPU
		{827BA965-C6B9-4D31-B973-49B885771E79}.Debug|arm64.Build.0 = Debug|Any CPU
		{827BA965-C6B9-4D31-B973-49B885771E79}.Debug|iPhone.ActiveCfg = Debug|Any CPU
		{827BA965-C6B9-4D31-B973-49B885771E79}.Debug|iPhoneSimulator.ActiveCfg = Debug|Any CPU
		{827BA965-C6B9-4D31-B973-49B885771E79}.Debug|iPhoneSimulator.Build.0 = Debug|Any CPU
		{827BA965-C6B9-4D31-B973-49B885771E79}.Debug|macOS.ActiveCfg = Debug|Any CPU
		{827BA965-C6B9-4D31-B973-49B885771E79}.Debug|Packages_WinUI.ActiveCfg = Debug|Any CPU
		{827BA965-C6B9-4D31-B973-49B885771E79}.Debug|Packages_WinUI.Build.0 = Debug|Any CPU
		{827BA965-C6B9-4D31-B973-49B885771E79}.Debug|Tests.ActiveCfg = Debug|Any CPU
		{827BA965-C6B9-4D31-B973-49B885771E79}.Debug|Tests.Build.0 = Debug|Any CPU
		{827BA965-C6B9-4D31-B973-49B885771E79}.Debug|WASM.ActiveCfg = Debug|Any CPU
		{827BA965-C6B9-4D31-B973-49B885771E79}.Debug|WASM.Build.0 = Debug|Any CPU
		{827BA965-C6B9-4D31-B973-49B885771E79}.Debug|x64.ActiveCfg = Debug|Any CPU
		{827BA965-C6B9-4D31-B973-49B885771E79}.Debug|x64.Build.0 = Debug|Any CPU
		{827BA965-C6B9-4D31-B973-49B885771E79}.Debug|x86.ActiveCfg = Debug|Any CPU
		{827BA965-C6B9-4D31-B973-49B885771E79}.Debug|x86.Build.0 = Debug|Any CPU
		{827BA965-C6B9-4D31-B973-49B885771E79}.Release|Android.ActiveCfg = Release|Any CPU
		{827BA965-C6B9-4D31-B973-49B885771E79}.Release|Any CPU.ActiveCfg = Release|Any CPU
		{827BA965-C6B9-4D31-B973-49B885771E79}.Release|Any CPU.Build.0 = Release|Any CPU
		{827BA965-C6B9-4D31-B973-49B885771E79}.Release|arm64.ActiveCfg = Release|Any CPU
		{827BA965-C6B9-4D31-B973-49B885771E79}.Release|arm64.Build.0 = Release|Any CPU
		{827BA965-C6B9-4D31-B973-49B885771E79}.Release|iPhone.ActiveCfg = Release|Any CPU
		{827BA965-C6B9-4D31-B973-49B885771E79}.Release|iPhoneSimulator.ActiveCfg = Release|Any CPU
		{827BA965-C6B9-4D31-B973-49B885771E79}.Release|iPhoneSimulator.Build.0 = Release|Any CPU
		{827BA965-C6B9-4D31-B973-49B885771E79}.Release|macOS.ActiveCfg = Release|Any CPU
		{827BA965-C6B9-4D31-B973-49B885771E79}.Release|Packages_WinUI.ActiveCfg = Release|Any CPU
		{827BA965-C6B9-4D31-B973-49B885771E79}.Release|Packages_WinUI.Build.0 = Release|Any CPU
		{827BA965-C6B9-4D31-B973-49B885771E79}.Release|Tests.ActiveCfg = Release|Any CPU
		{827BA965-C6B9-4D31-B973-49B885771E79}.Release|Tests.Build.0 = Release|Any CPU
		{827BA965-C6B9-4D31-B973-49B885771E79}.Release|WASM.ActiveCfg = Release|Any CPU
		{827BA965-C6B9-4D31-B973-49B885771E79}.Release|WASM.Build.0 = Release|Any CPU
		{827BA965-C6B9-4D31-B973-49B885771E79}.Release|x64.ActiveCfg = Release|Any CPU
		{827BA965-C6B9-4D31-B973-49B885771E79}.Release|x64.Build.0 = Release|Any CPU
		{827BA965-C6B9-4D31-B973-49B885771E79}.Release|x86.ActiveCfg = Release|Any CPU
		{827BA965-C6B9-4D31-B973-49B885771E79}.Release|x86.Build.0 = Release|Any CPU
		{E2640212-3219-47EF-A9A8-5C4AA9DCDE73}.Debug|Android.ActiveCfg = Debug|Any CPU
		{E2640212-3219-47EF-A9A8-5C4AA9DCDE73}.Debug|Android.Build.0 = Debug|Any CPU
		{E2640212-3219-47EF-A9A8-5C4AA9DCDE73}.Debug|Any CPU.ActiveCfg = Debug|Any CPU
		{E2640212-3219-47EF-A9A8-5C4AA9DCDE73}.Debug|Any CPU.Build.0 = Debug|Any CPU
		{E2640212-3219-47EF-A9A8-5C4AA9DCDE73}.Debug|arm64.ActiveCfg = Debug|Any CPU
		{E2640212-3219-47EF-A9A8-5C4AA9DCDE73}.Debug|arm64.Build.0 = Debug|Any CPU
		{E2640212-3219-47EF-A9A8-5C4AA9DCDE73}.Debug|iPhone.ActiveCfg = Debug|Any CPU
		{E2640212-3219-47EF-A9A8-5C4AA9DCDE73}.Debug|iPhone.Build.0 = Debug|Any CPU
		{E2640212-3219-47EF-A9A8-5C4AA9DCDE73}.Debug|iPhoneSimulator.ActiveCfg = Debug|Any CPU
		{E2640212-3219-47EF-A9A8-5C4AA9DCDE73}.Debug|iPhoneSimulator.Build.0 = Debug|Any CPU
		{E2640212-3219-47EF-A9A8-5C4AA9DCDE73}.Debug|macOS.ActiveCfg = Debug|Any CPU
		{E2640212-3219-47EF-A9A8-5C4AA9DCDE73}.Debug|macOS.Build.0 = Debug|Any CPU
		{E2640212-3219-47EF-A9A8-5C4AA9DCDE73}.Debug|Packages_WinUI.ActiveCfg = Debug|Any CPU
		{E2640212-3219-47EF-A9A8-5C4AA9DCDE73}.Debug|Packages_WinUI.Build.0 = Debug|Any CPU
		{E2640212-3219-47EF-A9A8-5C4AA9DCDE73}.Debug|Tests.ActiveCfg = Debug|Any CPU
		{E2640212-3219-47EF-A9A8-5C4AA9DCDE73}.Debug|Tests.Build.0 = Debug|Any CPU
		{E2640212-3219-47EF-A9A8-5C4AA9DCDE73}.Debug|WASM.ActiveCfg = Debug|Any CPU
		{E2640212-3219-47EF-A9A8-5C4AA9DCDE73}.Debug|WASM.Build.0 = Debug|Any CPU
		{E2640212-3219-47EF-A9A8-5C4AA9DCDE73}.Debug|x64.ActiveCfg = Debug|Any CPU
		{E2640212-3219-47EF-A9A8-5C4AA9DCDE73}.Debug|x64.Build.0 = Debug|Any CPU
		{E2640212-3219-47EF-A9A8-5C4AA9DCDE73}.Debug|x86.ActiveCfg = Debug|Any CPU
		{E2640212-3219-47EF-A9A8-5C4AA9DCDE73}.Debug|x86.Build.0 = Debug|Any CPU
		{E2640212-3219-47EF-A9A8-5C4AA9DCDE73}.Release|Android.ActiveCfg = Release|Any CPU
		{E2640212-3219-47EF-A9A8-5C4AA9DCDE73}.Release|Android.Build.0 = Release|Any CPU
		{E2640212-3219-47EF-A9A8-5C4AA9DCDE73}.Release|Any CPU.ActiveCfg = Release|Any CPU
		{E2640212-3219-47EF-A9A8-5C4AA9DCDE73}.Release|Any CPU.Build.0 = Release|Any CPU
		{E2640212-3219-47EF-A9A8-5C4AA9DCDE73}.Release|arm64.ActiveCfg = Release|Any CPU
		{E2640212-3219-47EF-A9A8-5C4AA9DCDE73}.Release|arm64.Build.0 = Release|Any CPU
		{E2640212-3219-47EF-A9A8-5C4AA9DCDE73}.Release|iPhone.ActiveCfg = Release|Any CPU
		{E2640212-3219-47EF-A9A8-5C4AA9DCDE73}.Release|iPhone.Build.0 = Release|Any CPU
		{E2640212-3219-47EF-A9A8-5C4AA9DCDE73}.Release|iPhoneSimulator.ActiveCfg = Release|Any CPU
		{E2640212-3219-47EF-A9A8-5C4AA9DCDE73}.Release|iPhoneSimulator.Build.0 = Release|Any CPU
		{E2640212-3219-47EF-A9A8-5C4AA9DCDE73}.Release|macOS.ActiveCfg = Release|Any CPU
		{E2640212-3219-47EF-A9A8-5C4AA9DCDE73}.Release|macOS.Build.0 = Release|Any CPU
		{E2640212-3219-47EF-A9A8-5C4AA9DCDE73}.Release|Packages_WinUI.ActiveCfg = Release|Any CPU
		{E2640212-3219-47EF-A9A8-5C4AA9DCDE73}.Release|Packages_WinUI.Build.0 = Release|Any CPU
		{E2640212-3219-47EF-A9A8-5C4AA9DCDE73}.Release|Tests.ActiveCfg = Release|Any CPU
		{E2640212-3219-47EF-A9A8-5C4AA9DCDE73}.Release|Tests.Build.0 = Release|Any CPU
		{E2640212-3219-47EF-A9A8-5C4AA9DCDE73}.Release|WASM.ActiveCfg = Release|Any CPU
		{E2640212-3219-47EF-A9A8-5C4AA9DCDE73}.Release|WASM.Build.0 = Release|Any CPU
		{E2640212-3219-47EF-A9A8-5C4AA9DCDE73}.Release|x64.ActiveCfg = Release|Any CPU
		{E2640212-3219-47EF-A9A8-5C4AA9DCDE73}.Release|x64.Build.0 = Release|Any CPU
		{E2640212-3219-47EF-A9A8-5C4AA9DCDE73}.Release|x86.ActiveCfg = Release|Any CPU
		{E2640212-3219-47EF-A9A8-5C4AA9DCDE73}.Release|x86.Build.0 = Release|Any CPU
		{E0FC9826-5746-4760-B801-8A5E27A704AA}.Debug|Android.ActiveCfg = Debug|Any CPU
		{E0FC9826-5746-4760-B801-8A5E27A704AA}.Debug|Android.Build.0 = Debug|Any CPU
		{E0FC9826-5746-4760-B801-8A5E27A704AA}.Debug|Any CPU.ActiveCfg = Debug|Any CPU
		{E0FC9826-5746-4760-B801-8A5E27A704AA}.Debug|Any CPU.Build.0 = Debug|Any CPU
		{E0FC9826-5746-4760-B801-8A5E27A704AA}.Debug|arm64.ActiveCfg = Debug|Any CPU
		{E0FC9826-5746-4760-B801-8A5E27A704AA}.Debug|arm64.Build.0 = Debug|Any CPU
		{E0FC9826-5746-4760-B801-8A5E27A704AA}.Debug|iPhone.ActiveCfg = Debug|Any CPU
		{E0FC9826-5746-4760-B801-8A5E27A704AA}.Debug|iPhone.Build.0 = Debug|Any CPU
		{E0FC9826-5746-4760-B801-8A5E27A704AA}.Debug|iPhoneSimulator.ActiveCfg = Debug|Any CPU
		{E0FC9826-5746-4760-B801-8A5E27A704AA}.Debug|iPhoneSimulator.Build.0 = Debug|Any CPU
		{E0FC9826-5746-4760-B801-8A5E27A704AA}.Debug|macOS.ActiveCfg = Debug|Any CPU
		{E0FC9826-5746-4760-B801-8A5E27A704AA}.Debug|macOS.Build.0 = Debug|Any CPU
		{E0FC9826-5746-4760-B801-8A5E27A704AA}.Debug|Packages_WinUI.ActiveCfg = Debug|Any CPU
		{E0FC9826-5746-4760-B801-8A5E27A704AA}.Debug|Packages_WinUI.Build.0 = Debug|Any CPU
		{E0FC9826-5746-4760-B801-8A5E27A704AA}.Debug|Tests.ActiveCfg = Debug|Any CPU
		{E0FC9826-5746-4760-B801-8A5E27A704AA}.Debug|Tests.Build.0 = Debug|Any CPU
		{E0FC9826-5746-4760-B801-8A5E27A704AA}.Debug|WASM.ActiveCfg = Debug|Any CPU
		{E0FC9826-5746-4760-B801-8A5E27A704AA}.Debug|WASM.Build.0 = Debug|Any CPU
		{E0FC9826-5746-4760-B801-8A5E27A704AA}.Debug|x64.ActiveCfg = Debug|Any CPU
		{E0FC9826-5746-4760-B801-8A5E27A704AA}.Debug|x64.Build.0 = Debug|Any CPU
		{E0FC9826-5746-4760-B801-8A5E27A704AA}.Debug|x86.ActiveCfg = Debug|Any CPU
		{E0FC9826-5746-4760-B801-8A5E27A704AA}.Debug|x86.Build.0 = Debug|Any CPU
		{E0FC9826-5746-4760-B801-8A5E27A704AA}.Release|Android.ActiveCfg = Release|Any CPU
		{E0FC9826-5746-4760-B801-8A5E27A704AA}.Release|Android.Build.0 = Release|Any CPU
		{E0FC9826-5746-4760-B801-8A5E27A704AA}.Release|Any CPU.ActiveCfg = Release|Any CPU
		{E0FC9826-5746-4760-B801-8A5E27A704AA}.Release|Any CPU.Build.0 = Release|Any CPU
		{E0FC9826-5746-4760-B801-8A5E27A704AA}.Release|arm64.ActiveCfg = Release|Any CPU
		{E0FC9826-5746-4760-B801-8A5E27A704AA}.Release|arm64.Build.0 = Release|Any CPU
		{E0FC9826-5746-4760-B801-8A5E27A704AA}.Release|iPhone.ActiveCfg = Release|Any CPU
		{E0FC9826-5746-4760-B801-8A5E27A704AA}.Release|iPhone.Build.0 = Release|Any CPU
		{E0FC9826-5746-4760-B801-8A5E27A704AA}.Release|iPhoneSimulator.ActiveCfg = Release|Any CPU
		{E0FC9826-5746-4760-B801-8A5E27A704AA}.Release|iPhoneSimulator.Build.0 = Release|Any CPU
		{E0FC9826-5746-4760-B801-8A5E27A704AA}.Release|macOS.ActiveCfg = Release|Any CPU
		{E0FC9826-5746-4760-B801-8A5E27A704AA}.Release|macOS.Build.0 = Release|Any CPU
		{E0FC9826-5746-4760-B801-8A5E27A704AA}.Release|Packages_WinUI.ActiveCfg = Release|Any CPU
		{E0FC9826-5746-4760-B801-8A5E27A704AA}.Release|Packages_WinUI.Build.0 = Release|Any CPU
		{E0FC9826-5746-4760-B801-8A5E27A704AA}.Release|Tests.ActiveCfg = Release|Any CPU
		{E0FC9826-5746-4760-B801-8A5E27A704AA}.Release|Tests.Build.0 = Release|Any CPU
		{E0FC9826-5746-4760-B801-8A5E27A704AA}.Release|WASM.ActiveCfg = Release|Any CPU
		{E0FC9826-5746-4760-B801-8A5E27A704AA}.Release|WASM.Build.0 = Release|Any CPU
		{E0FC9826-5746-4760-B801-8A5E27A704AA}.Release|x64.ActiveCfg = Release|Any CPU
		{E0FC9826-5746-4760-B801-8A5E27A704AA}.Release|x64.Build.0 = Release|Any CPU
		{E0FC9826-5746-4760-B801-8A5E27A704AA}.Release|x86.ActiveCfg = Release|Any CPU
		{E0FC9826-5746-4760-B801-8A5E27A704AA}.Release|x86.Build.0 = Release|Any CPU
		{74E3F02A-1AB9-4F4B-90B1-3FB32E1EAFA5}.Debug|Android.ActiveCfg = Debug|Any CPU
		{74E3F02A-1AB9-4F4B-90B1-3FB32E1EAFA5}.Debug|Android.Build.0 = Debug|Any CPU
		{74E3F02A-1AB9-4F4B-90B1-3FB32E1EAFA5}.Debug|Any CPU.ActiveCfg = Debug|Any CPU
		{74E3F02A-1AB9-4F4B-90B1-3FB32E1EAFA5}.Debug|Any CPU.Build.0 = Debug|Any CPU
		{74E3F02A-1AB9-4F4B-90B1-3FB32E1EAFA5}.Debug|arm64.ActiveCfg = Debug|Any CPU
		{74E3F02A-1AB9-4F4B-90B1-3FB32E1EAFA5}.Debug|arm64.Build.0 = Debug|Any CPU
		{74E3F02A-1AB9-4F4B-90B1-3FB32E1EAFA5}.Debug|iPhone.ActiveCfg = Debug|Any CPU
		{74E3F02A-1AB9-4F4B-90B1-3FB32E1EAFA5}.Debug|iPhone.Build.0 = Debug|Any CPU
		{74E3F02A-1AB9-4F4B-90B1-3FB32E1EAFA5}.Debug|iPhoneSimulator.ActiveCfg = Debug|Any CPU
		{74E3F02A-1AB9-4F4B-90B1-3FB32E1EAFA5}.Debug|iPhoneSimulator.Build.0 = Debug|Any CPU
		{74E3F02A-1AB9-4F4B-90B1-3FB32E1EAFA5}.Debug|macOS.ActiveCfg = Debug|Any CPU
		{74E3F02A-1AB9-4F4B-90B1-3FB32E1EAFA5}.Debug|macOS.Build.0 = Debug|Any CPU
		{74E3F02A-1AB9-4F4B-90B1-3FB32E1EAFA5}.Debug|Packages_WinUI.ActiveCfg = Debug|Any CPU
		{74E3F02A-1AB9-4F4B-90B1-3FB32E1EAFA5}.Debug|Packages_WinUI.Build.0 = Debug|Any CPU
		{74E3F02A-1AB9-4F4B-90B1-3FB32E1EAFA5}.Debug|Tests.ActiveCfg = Debug|Any CPU
		{74E3F02A-1AB9-4F4B-90B1-3FB32E1EAFA5}.Debug|Tests.Build.0 = Debug|Any CPU
		{74E3F02A-1AB9-4F4B-90B1-3FB32E1EAFA5}.Debug|WASM.ActiveCfg = Debug|Any CPU
		{74E3F02A-1AB9-4F4B-90B1-3FB32E1EAFA5}.Debug|WASM.Build.0 = Debug|Any CPU
		{74E3F02A-1AB9-4F4B-90B1-3FB32E1EAFA5}.Debug|x64.ActiveCfg = Debug|Any CPU
		{74E3F02A-1AB9-4F4B-90B1-3FB32E1EAFA5}.Debug|x64.Build.0 = Debug|Any CPU
		{74E3F02A-1AB9-4F4B-90B1-3FB32E1EAFA5}.Debug|x86.ActiveCfg = Debug|Any CPU
		{74E3F02A-1AB9-4F4B-90B1-3FB32E1EAFA5}.Debug|x86.Build.0 = Debug|Any CPU
		{74E3F02A-1AB9-4F4B-90B1-3FB32E1EAFA5}.Release|Android.ActiveCfg = Release|Any CPU
		{74E3F02A-1AB9-4F4B-90B1-3FB32E1EAFA5}.Release|Android.Build.0 = Release|Any CPU
		{74E3F02A-1AB9-4F4B-90B1-3FB32E1EAFA5}.Release|Any CPU.ActiveCfg = Release|Any CPU
		{74E3F02A-1AB9-4F4B-90B1-3FB32E1EAFA5}.Release|Any CPU.Build.0 = Release|Any CPU
		{74E3F02A-1AB9-4F4B-90B1-3FB32E1EAFA5}.Release|arm64.ActiveCfg = Release|Any CPU
		{74E3F02A-1AB9-4F4B-90B1-3FB32E1EAFA5}.Release|arm64.Build.0 = Release|Any CPU
		{74E3F02A-1AB9-4F4B-90B1-3FB32E1EAFA5}.Release|iPhone.ActiveCfg = Release|Any CPU
		{74E3F02A-1AB9-4F4B-90B1-3FB32E1EAFA5}.Release|iPhone.Build.0 = Release|Any CPU
		{74E3F02A-1AB9-4F4B-90B1-3FB32E1EAFA5}.Release|iPhoneSimulator.ActiveCfg = Release|Any CPU
		{74E3F02A-1AB9-4F4B-90B1-3FB32E1EAFA5}.Release|iPhoneSimulator.Build.0 = Release|Any CPU
		{74E3F02A-1AB9-4F4B-90B1-3FB32E1EAFA5}.Release|macOS.ActiveCfg = Release|Any CPU
		{74E3F02A-1AB9-4F4B-90B1-3FB32E1EAFA5}.Release|macOS.Build.0 = Release|Any CPU
		{74E3F02A-1AB9-4F4B-90B1-3FB32E1EAFA5}.Release|Packages_WinUI.ActiveCfg = Release|Any CPU
		{74E3F02A-1AB9-4F4B-90B1-3FB32E1EAFA5}.Release|Packages_WinUI.Build.0 = Release|Any CPU
		{74E3F02A-1AB9-4F4B-90B1-3FB32E1EAFA5}.Release|Tests.ActiveCfg = Release|Any CPU
		{74E3F02A-1AB9-4F4B-90B1-3FB32E1EAFA5}.Release|Tests.Build.0 = Release|Any CPU
		{74E3F02A-1AB9-4F4B-90B1-3FB32E1EAFA5}.Release|WASM.ActiveCfg = Release|Any CPU
		{74E3F02A-1AB9-4F4B-90B1-3FB32E1EAFA5}.Release|WASM.Build.0 = Release|Any CPU
		{74E3F02A-1AB9-4F4B-90B1-3FB32E1EAFA5}.Release|x64.ActiveCfg = Release|Any CPU
		{74E3F02A-1AB9-4F4B-90B1-3FB32E1EAFA5}.Release|x64.Build.0 = Release|Any CPU
		{74E3F02A-1AB9-4F4B-90B1-3FB32E1EAFA5}.Release|x86.ActiveCfg = Release|Any CPU
		{74E3F02A-1AB9-4F4B-90B1-3FB32E1EAFA5}.Release|x86.Build.0 = Release|Any CPU
		{A76583FA-B6B7-4B6D-9879-D73957E0F9AA}.Debug|Android.ActiveCfg = Debug|Any CPU
		{A76583FA-B6B7-4B6D-9879-D73957E0F9AA}.Debug|Android.Build.0 = Debug|Any CPU
		{A76583FA-B6B7-4B6D-9879-D73957E0F9AA}.Debug|Any CPU.ActiveCfg = Debug|Any CPU
		{A76583FA-B6B7-4B6D-9879-D73957E0F9AA}.Debug|Any CPU.Build.0 = Debug|Any CPU
		{A76583FA-B6B7-4B6D-9879-D73957E0F9AA}.Debug|arm64.ActiveCfg = Debug|Any CPU
		{A76583FA-B6B7-4B6D-9879-D73957E0F9AA}.Debug|arm64.Build.0 = Debug|Any CPU
		{A76583FA-B6B7-4B6D-9879-D73957E0F9AA}.Debug|iPhone.ActiveCfg = Debug|Any CPU
		{A76583FA-B6B7-4B6D-9879-D73957E0F9AA}.Debug|iPhone.Build.0 = Debug|Any CPU
		{A76583FA-B6B7-4B6D-9879-D73957E0F9AA}.Debug|iPhoneSimulator.ActiveCfg = Debug|Any CPU
		{A76583FA-B6B7-4B6D-9879-D73957E0F9AA}.Debug|iPhoneSimulator.Build.0 = Debug|Any CPU
		{A76583FA-B6B7-4B6D-9879-D73957E0F9AA}.Debug|macOS.ActiveCfg = Debug|Any CPU
		{A76583FA-B6B7-4B6D-9879-D73957E0F9AA}.Debug|macOS.Build.0 = Debug|Any CPU
		{A76583FA-B6B7-4B6D-9879-D73957E0F9AA}.Debug|Packages_WinUI.ActiveCfg = Debug|Any CPU
		{A76583FA-B6B7-4B6D-9879-D73957E0F9AA}.Debug|Packages_WinUI.Build.0 = Debug|Any CPU
		{A76583FA-B6B7-4B6D-9879-D73957E0F9AA}.Debug|Tests.ActiveCfg = Debug|Any CPU
		{A76583FA-B6B7-4B6D-9879-D73957E0F9AA}.Debug|Tests.Build.0 = Debug|Any CPU
		{A76583FA-B6B7-4B6D-9879-D73957E0F9AA}.Debug|WASM.ActiveCfg = Debug|Any CPU
		{A76583FA-B6B7-4B6D-9879-D73957E0F9AA}.Debug|WASM.Build.0 = Debug|Any CPU
		{A76583FA-B6B7-4B6D-9879-D73957E0F9AA}.Debug|x64.ActiveCfg = Debug|Any CPU
		{A76583FA-B6B7-4B6D-9879-D73957E0F9AA}.Debug|x64.Build.0 = Debug|Any CPU
		{A76583FA-B6B7-4B6D-9879-D73957E0F9AA}.Debug|x86.ActiveCfg = Debug|Any CPU
		{A76583FA-B6B7-4B6D-9879-D73957E0F9AA}.Debug|x86.Build.0 = Debug|Any CPU
		{A76583FA-B6B7-4B6D-9879-D73957E0F9AA}.Release|Android.ActiveCfg = Release|Any CPU
		{A76583FA-B6B7-4B6D-9879-D73957E0F9AA}.Release|Android.Build.0 = Release|Any CPU
		{A76583FA-B6B7-4B6D-9879-D73957E0F9AA}.Release|Any CPU.ActiveCfg = Release|Any CPU
		{A76583FA-B6B7-4B6D-9879-D73957E0F9AA}.Release|Any CPU.Build.0 = Release|Any CPU
		{A76583FA-B6B7-4B6D-9879-D73957E0F9AA}.Release|arm64.ActiveCfg = Release|Any CPU
		{A76583FA-B6B7-4B6D-9879-D73957E0F9AA}.Release|arm64.Build.0 = Release|Any CPU
		{A76583FA-B6B7-4B6D-9879-D73957E0F9AA}.Release|iPhone.ActiveCfg = Release|Any CPU
		{A76583FA-B6B7-4B6D-9879-D73957E0F9AA}.Release|iPhone.Build.0 = Release|Any CPU
		{A76583FA-B6B7-4B6D-9879-D73957E0F9AA}.Release|iPhoneSimulator.ActiveCfg = Release|Any CPU
		{A76583FA-B6B7-4B6D-9879-D73957E0F9AA}.Release|iPhoneSimulator.Build.0 = Release|Any CPU
		{A76583FA-B6B7-4B6D-9879-D73957E0F9AA}.Release|macOS.ActiveCfg = Release|Any CPU
		{A76583FA-B6B7-4B6D-9879-D73957E0F9AA}.Release|macOS.Build.0 = Release|Any CPU
		{A76583FA-B6B7-4B6D-9879-D73957E0F9AA}.Release|Packages_WinUI.ActiveCfg = Release|Any CPU
		{A76583FA-B6B7-4B6D-9879-D73957E0F9AA}.Release|Packages_WinUI.Build.0 = Release|Any CPU
		{A76583FA-B6B7-4B6D-9879-D73957E0F9AA}.Release|Tests.ActiveCfg = Release|Any CPU
		{A76583FA-B6B7-4B6D-9879-D73957E0F9AA}.Release|Tests.Build.0 = Release|Any CPU
		{A76583FA-B6B7-4B6D-9879-D73957E0F9AA}.Release|WASM.ActiveCfg = Release|Any CPU
		{A76583FA-B6B7-4B6D-9879-D73957E0F9AA}.Release|WASM.Build.0 = Release|Any CPU
		{A76583FA-B6B7-4B6D-9879-D73957E0F9AA}.Release|x64.ActiveCfg = Release|Any CPU
		{A76583FA-B6B7-4B6D-9879-D73957E0F9AA}.Release|x64.Build.0 = Release|Any CPU
		{A76583FA-B6B7-4B6D-9879-D73957E0F9AA}.Release|x86.ActiveCfg = Release|Any CPU
		{A76583FA-B6B7-4B6D-9879-D73957E0F9AA}.Release|x86.Build.0 = Release|Any CPU
		{71EF983F-C73B-4E29-98AD-0AE322455F06}.Debug|Android.ActiveCfg = Debug|Any CPU
		{71EF983F-C73B-4E29-98AD-0AE322455F06}.Debug|Android.Build.0 = Debug|Any CPU
		{71EF983F-C73B-4E29-98AD-0AE322455F06}.Debug|Any CPU.ActiveCfg = Debug|Any CPU
		{71EF983F-C73B-4E29-98AD-0AE322455F06}.Debug|Any CPU.Build.0 = Debug|Any CPU
		{71EF983F-C73B-4E29-98AD-0AE322455F06}.Debug|arm64.ActiveCfg = Debug|Any CPU
		{71EF983F-C73B-4E29-98AD-0AE322455F06}.Debug|arm64.Build.0 = Debug|Any CPU
		{71EF983F-C73B-4E29-98AD-0AE322455F06}.Debug|iPhone.ActiveCfg = Debug|Any CPU
		{71EF983F-C73B-4E29-98AD-0AE322455F06}.Debug|iPhone.Build.0 = Debug|Any CPU
		{71EF983F-C73B-4E29-98AD-0AE322455F06}.Debug|iPhoneSimulator.ActiveCfg = Debug|Any CPU
		{71EF983F-C73B-4E29-98AD-0AE322455F06}.Debug|iPhoneSimulator.Build.0 = Debug|Any CPU
		{71EF983F-C73B-4E29-98AD-0AE322455F06}.Debug|macOS.ActiveCfg = Debug|Any CPU
		{71EF983F-C73B-4E29-98AD-0AE322455F06}.Debug|macOS.Build.0 = Debug|Any CPU
		{71EF983F-C73B-4E29-98AD-0AE322455F06}.Debug|Packages_WinUI.ActiveCfg = Debug|Any CPU
		{71EF983F-C73B-4E29-98AD-0AE322455F06}.Debug|Packages_WinUI.Build.0 = Debug|Any CPU
		{71EF983F-C73B-4E29-98AD-0AE322455F06}.Debug|Tests.ActiveCfg = Debug|Any CPU
		{71EF983F-C73B-4E29-98AD-0AE322455F06}.Debug|Tests.Build.0 = Debug|Any CPU
		{71EF983F-C73B-4E29-98AD-0AE322455F06}.Debug|WASM.ActiveCfg = Debug|Any CPU
		{71EF983F-C73B-4E29-98AD-0AE322455F06}.Debug|WASM.Build.0 = Debug|Any CPU
		{71EF983F-C73B-4E29-98AD-0AE322455F06}.Debug|x64.ActiveCfg = Debug|Any CPU
		{71EF983F-C73B-4E29-98AD-0AE322455F06}.Debug|x64.Build.0 = Debug|Any CPU
		{71EF983F-C73B-4E29-98AD-0AE322455F06}.Debug|x86.ActiveCfg = Debug|Any CPU
		{71EF983F-C73B-4E29-98AD-0AE322455F06}.Debug|x86.Build.0 = Debug|Any CPU
		{71EF983F-C73B-4E29-98AD-0AE322455F06}.Release|Android.ActiveCfg = Release|Any CPU
		{71EF983F-C73B-4E29-98AD-0AE322455F06}.Release|Android.Build.0 = Release|Any CPU
		{71EF983F-C73B-4E29-98AD-0AE322455F06}.Release|Any CPU.ActiveCfg = Release|Any CPU
		{71EF983F-C73B-4E29-98AD-0AE322455F06}.Release|Any CPU.Build.0 = Release|Any CPU
		{71EF983F-C73B-4E29-98AD-0AE322455F06}.Release|arm64.ActiveCfg = Release|Any CPU
		{71EF983F-C73B-4E29-98AD-0AE322455F06}.Release|arm64.Build.0 = Release|Any CPU
		{71EF983F-C73B-4E29-98AD-0AE322455F06}.Release|iPhone.ActiveCfg = Release|Any CPU
		{71EF983F-C73B-4E29-98AD-0AE322455F06}.Release|iPhone.Build.0 = Release|Any CPU
		{71EF983F-C73B-4E29-98AD-0AE322455F06}.Release|iPhoneSimulator.ActiveCfg = Release|Any CPU
		{71EF983F-C73B-4E29-98AD-0AE322455F06}.Release|iPhoneSimulator.Build.0 = Release|Any CPU
		{71EF983F-C73B-4E29-98AD-0AE322455F06}.Release|macOS.ActiveCfg = Release|Any CPU
		{71EF983F-C73B-4E29-98AD-0AE322455F06}.Release|macOS.Build.0 = Release|Any CPU
		{71EF983F-C73B-4E29-98AD-0AE322455F06}.Release|Packages_WinUI.ActiveCfg = Release|Any CPU
		{71EF983F-C73B-4E29-98AD-0AE322455F06}.Release|Packages_WinUI.Build.0 = Release|Any CPU
		{71EF983F-C73B-4E29-98AD-0AE322455F06}.Release|Tests.ActiveCfg = Release|Any CPU
		{71EF983F-C73B-4E29-98AD-0AE322455F06}.Release|Tests.Build.0 = Release|Any CPU
		{71EF983F-C73B-4E29-98AD-0AE322455F06}.Release|WASM.ActiveCfg = Release|Any CPU
		{71EF983F-C73B-4E29-98AD-0AE322455F06}.Release|WASM.Build.0 = Release|Any CPU
		{71EF983F-C73B-4E29-98AD-0AE322455F06}.Release|x64.ActiveCfg = Release|Any CPU
		{71EF983F-C73B-4E29-98AD-0AE322455F06}.Release|x64.Build.0 = Release|Any CPU
		{71EF983F-C73B-4E29-98AD-0AE322455F06}.Release|x86.ActiveCfg = Release|Any CPU
		{71EF983F-C73B-4E29-98AD-0AE322455F06}.Release|x86.Build.0 = Release|Any CPU
	EndGlobalSection
	GlobalSection(SolutionProperties) = preSolution
		HideSolutionNode = FALSE
	EndGlobalSection
	GlobalSection(NestedProjects) = preSolution
		{1EB1EA7F-DD48-49C2-97B3-ADB8E86EF28D} = {464D0819-2E75-4DED-9F70-039580314AFA}
		{D97BEC09-0A93-4D13-BEB8-C05E937C40A4} = {F42C65EA-6E6A-43B9-9D9F-D8C6063AD309}
		{D1B4CF99-7947-DD6C-81D0-5B5B3989814C} = {827E0CD3-B72D-47B6-A68D-7590B98EB39B}
		{ADA5D8D0-9A25-6A64-3B07-F465FEB72062} = {D1B4CF99-7947-DD6C-81D0-5B5B3989814C}
		{582B63E2-D68A-9366-84F7-52C210BBC86E} = {ADA5D8D0-9A25-6A64-3B07-F465FEB72062}
		{71EF983F-C73B-4E29-98AD-0AE322455F06} = {582B63E2-D68A-9366-84F7-52C210BBC86E}
	EndGlobalSection
	GlobalSection(ExtensibilityGlobals) = postSolution
		SolutionGuid = {66F0EE99-4E63-43F2-9504-0CFC104E7084}
	EndGlobalSection
EndGlobal
