
Microsoft Visual Studio Solution File, Format Version 12.00
# Visual Studio Version 17
VisualStudioVersion = 17.1.31903.286
MinimumVisualStudioVersion = 10.0.40219.1
Project("{9A19103F-16F7-4668-BE54-9A1E7A4F7556}") = "Uno.Material", "src\library\Uno.Material\Uno.Material.csproj", "{B5279EE5-E662-45B0-8929-D90D0BDE16AB}"
EndProject
Project("{D954291E-2A0B-460D-934E-DC6B0785DB48}") = "Uno.Themes.Samples.Shared", "src\samples\Uno.Themes.Samples\Uno.Themes.Samples.Shared\Uno.Themes.Samples.Shared.shproj", "{6279C845-92F8-4333-AB99-3D213163593C}"
EndProject
Project("{FAE04EC0-301F-11D3-BF4B-00C04F79EFBC}") = "Uno.Themes.Samples.Droid", "src\samples\Uno.Themes.Samples\Uno.Themes.Samples.Droid\Uno.Themes.Samples.Droid.csproj", "{46670BA5-CDEC-4187-8D99-74ADDE56E4DC}"
EndProject
Project("{FAE04EC0-301F-11D3-BF4B-00C04F79EFBC}") = "Uno.Themes.Samples.UWP", "src\samples\Uno.Themes.Samples\Uno.Themes.Samples.UWP\Uno.Themes.Samples.UWP.csproj", "{265517E4-AB14-453D-92DA-F32AA1D4007D}"
EndProject
Project("{9A19103F-16F7-4668-BE54-9A1E7A4F7556}") = "Uno.Themes.Samples.Wasm", "src\samples\Uno.Themes.Samples\Uno.Themes.Samples.Wasm\Uno.Themes.Samples.Wasm.csproj", "{5D0F3763-F3BF-4478-B2D3-B47AB74205C9}"
EndProject
Project("{2150E333-8FDC-42A3-9474-1A3956D46DE8}") = "samples", "samples", "{F42C65EA-6E6A-43B9-9D9F-D8C6063AD309}"
EndProject
Project("{2150E333-8FDC-42A3-9474-1A3956D46DE8}") = "library", "library", "{EB41D6CC-AEBE-40A8-B42C-D3F7FBA7001E}"
EndProject
Project("{FAE04EC0-301F-11D3-BF4B-00C04F79EFBC}") = "Uno.Themes.Samples.iOS", "src\samples\Uno.Themes.Samples\Uno.Themes.Samples.iOS\Uno.Themes.Samples.iOS.csproj", "{2C13056C-D56D-4302-A983-14AF3FFA565C}"
EndProject
Project("{2150E333-8FDC-42A3-9474-1A3956D46DE8}") = "Devops", "Devops", "{464D0819-2E75-4DED-9F70-039580314AFA}"
	ProjectSection(SolutionItems) = preProject
		azure-pipelines.yml = azure-pipelines.yml
		build\gitversion.yml = build\gitversion.yml
		build\stage-build.yml = build\stage-build.yml
		build\stage-release-testflight.yml = build\stage-release-testflight.yml
		build\stage-release.yml = build\stage-release.yml
	EndProjectSection
EndProject
Project("{2150E333-8FDC-42A3-9474-1A3956D46DE8}") = "workflows", "workflows", "{1EB1EA7F-DD48-49C2-97B3-ADB8E86EF28D}"
	ProjectSection(SolutionItems) = preProject
		.github\workflows\conventional-commits.yml = .github\workflows\conventional-commits.yml
	EndProjectSection
EndProject
Project("{FAE04EC0-301F-11D3-BF4B-00C04F79EFBC}") = "Uno.Themes.Samples.macOS", "src\samples\Uno.Themes.Samples\Uno.Themes.Samples.macOS\Uno.Themes.Samples.macOS.csproj", "{E5A33630-47C0-4E0B-8D0A-9D50CCC3498B}"
EndProject
Project("{9A19103F-16F7-4668-BE54-9A1E7A4F7556}") = "Uno.Themes.Samples.Skia.Gtk", "src\samples\Uno.Themes.Samples\Uno.Themes.Samples.Skia.Gtk\Uno.Themes.Samples.Skia.Gtk.csproj", "{290980EF-0A64-43A5-AEB4-E022D82BBF8B}"
EndProject
Project("{2150E333-8FDC-42A3-9474-1A3956D46DE8}") = "docs", "docs", "{DBF3AF2F-F909-4106-A436-7D76CBFBADCC}"
	ProjectSection(SolutionItems) = preProject
		CHANGELOG.md = CHANGELOG.md
		CODE_OF_CONDUCT.md = CODE_OF_CONDUCT.md
		CONTRIBUTING.md = CONTRIBUTING.md
		LICENSE = LICENSE
		README.md = README.md
	EndProjectSection
EndProject
Project("{9A19103F-16F7-4668-BE54-9A1E7A4F7556}") = "Uno.Cupertino", "src\library\Uno.Cupertino\Uno.Cupertino.csproj", "{98C1FDAC-C692-4C65-99E7-70FDD53B8F2E}"
EndProject
Project("{D954291E-2A0B-460D-934E-DC6B0785DB48}") = "Uno.Themes.Common", "Uno.Themes.Common\Uno.Themes.Common.shproj", "{403C73AD-C54C-446D-8FF1-9CDF81D32919}"
EndProject
Global
	GlobalSection(SharedMSBuildProjectFiles) = preSolution
		src\samples\Uno.Themes.Samples\Uno.Themes.Samples.Shared\Uno.Themes.Samples.Shared.projitems*{265517e4-ab14-453d-92da-f32aa1d4007d}*SharedItemsImports = 4
		src\samples\Uno.Themes.Samples\Uno.Themes.Samples.Shared\Uno.Themes.Samples.Shared.projitems*{290980ef-0a64-43a5-aeb4-e022d82bbf8b}*SharedItemsImports = 5
		src\samples\Uno.Themes.Samples\Uno.Themes.Samples.Shared\Uno.Themes.Samples.Shared.projitems*{2c13056c-d56d-4302-a983-14af3ffa565c}*SharedItemsImports = 4
		Uno.Themes.Common\Uno.Themes.Common.projitems*{403c73ad-c54c-446d-8ff1-9cdf81d32919}*SharedItemsImports = 13
		src\samples\Uno.Themes.Samples\Uno.Themes.Samples.Shared\Uno.Themes.Samples.Shared.projitems*{46670ba5-cdec-4187-8d99-74adde56e4dc}*SharedItemsImports = 4
		src\samples\Uno.Themes.Samples\Uno.Themes.Samples.Shared\Uno.Themes.Samples.Shared.projitems*{5d0f3763-f3bf-4478-b2d3-b47ab74205c9}*SharedItemsImports = 5
		src\samples\Uno.Themes.Samples\Uno.Themes.Samples.Shared\Uno.Themes.Samples.Shared.projitems*{6279c845-92f8-4333-ab99-3d213163593c}*SharedItemsImports = 13
		Uno.Themes.Common\Uno.Themes.Common.projitems*{b5279ee5-e662-45b0-8929-d90d0bde16ab}*SharedItemsImports = 5
		src\samples\Uno.Themes.Samples\Uno.Themes.Samples.Shared\Uno.Themes.Samples.Shared.projitems*{e5a33630-47c0-4e0b-8d0a-9d50ccc3498b}*SharedItemsImports = 4
	EndGlobalSection
	GlobalSection(SolutionConfigurationPlatforms) = preSolution
		Debug|Android = Debug|Android
		Debug|Any CPU = Debug|Any CPU
		Debug|iPhone = Debug|iPhone
		Debug|iPhoneSimulator = Debug|iPhoneSimulator
		Debug|macOS = Debug|macOS
		Debug|Packages = Debug|Packages
		Debug|Tests = Debug|Tests
		Debug|UWP_x64 = Debug|UWP_x64
		Debug|WASM = Debug|WASM
		Release|Android = Release|Android
		Release|Any CPU = Release|Any CPU
		Release|iPhone = Release|iPhone
		Release|iPhoneSimulator = Release|iPhoneSimulator
		Release|macOS = Release|macOS
		Release|Packages = Release|Packages
		Release|Tests = Release|Tests
		Release|UWP_x64 = Release|UWP_x64
		Release|WASM = Release|WASM
	EndGlobalSection
	GlobalSection(ProjectConfigurationPlatforms) = postSolution
		{B5279EE5-E662-45B0-8929-D90D0BDE16AB}.Debug|Android.ActiveCfg = Debug|Any CPU
		{B5279EE5-E662-45B0-8929-D90D0BDE16AB}.Debug|Android.Build.0 = Debug|Any CPU
		{B5279EE5-E662-45B0-8929-D90D0BDE16AB}.Debug|Any CPU.ActiveCfg = Debug|Any CPU
		{B5279EE5-E662-45B0-8929-D90D0BDE16AB}.Debug|Any CPU.Build.0 = Debug|Any CPU
		{B5279EE5-E662-45B0-8929-D90D0BDE16AB}.Debug|iPhone.ActiveCfg = Debug|Any CPU
		{B5279EE5-E662-45B0-8929-D90D0BDE16AB}.Debug|iPhone.Build.0 = Debug|Any CPU
		{B5279EE5-E662-45B0-8929-D90D0BDE16AB}.Debug|iPhoneSimulator.ActiveCfg = Debug|Any CPU
		{B5279EE5-E662-45B0-8929-D90D0BDE16AB}.Debug|iPhoneSimulator.Build.0 = Debug|Any CPU
		{B5279EE5-E662-45B0-8929-D90D0BDE16AB}.Debug|macOS.ActiveCfg = Debug|Any CPU
		{B5279EE5-E662-45B0-8929-D90D0BDE16AB}.Debug|macOS.Build.0 = Debug|Any CPU
		{B5279EE5-E662-45B0-8929-D90D0BDE16AB}.Debug|Packages.ActiveCfg = Debug|Any CPU
		{B5279EE5-E662-45B0-8929-D90D0BDE16AB}.Debug|Packages.Build.0 = Debug|Any CPU
		{B5279EE5-E662-45B0-8929-D90D0BDE16AB}.Debug|Tests.ActiveCfg = Debug|Any CPU
		{B5279EE5-E662-45B0-8929-D90D0BDE16AB}.Debug|Tests.Build.0 = Debug|Any CPU
		{B5279EE5-E662-45B0-8929-D90D0BDE16AB}.Debug|UWP_x64.ActiveCfg = Debug|Any CPU
		{B5279EE5-E662-45B0-8929-D90D0BDE16AB}.Debug|UWP_x64.Build.0 = Debug|Any CPU
		{B5279EE5-E662-45B0-8929-D90D0BDE16AB}.Debug|WASM.ActiveCfg = Debug|Any CPU
		{B5279EE5-E662-45B0-8929-D90D0BDE16AB}.Debug|WASM.Build.0 = Debug|Any CPU
		{B5279EE5-E662-45B0-8929-D90D0BDE16AB}.Release|Android.ActiveCfg = Release|Any CPU
		{B5279EE5-E662-45B0-8929-D90D0BDE16AB}.Release|Android.Build.0 = Release|Any CPU
		{B5279EE5-E662-45B0-8929-D90D0BDE16AB}.Release|Any CPU.ActiveCfg = Release|Any CPU
		{B5279EE5-E662-45B0-8929-D90D0BDE16AB}.Release|Any CPU.Build.0 = Release|Any CPU
		{B5279EE5-E662-45B0-8929-D90D0BDE16AB}.Release|iPhone.ActiveCfg = Release|Any CPU
		{B5279EE5-E662-45B0-8929-D90D0BDE16AB}.Release|iPhone.Build.0 = Release|Any CPU
		{B5279EE5-E662-45B0-8929-D90D0BDE16AB}.Release|iPhoneSimulator.ActiveCfg = Release|Any CPU
		{B5279EE5-E662-45B0-8929-D90D0BDE16AB}.Release|iPhoneSimulator.Build.0 = Release|Any CPU
		{B5279EE5-E662-45B0-8929-D90D0BDE16AB}.Release|macOS.ActiveCfg = Release|Any CPU
		{B5279EE5-E662-45B0-8929-D90D0BDE16AB}.Release|macOS.Build.0 = Release|Any CPU
		{B5279EE5-E662-45B0-8929-D90D0BDE16AB}.Release|Packages.ActiveCfg = Release|Any CPU
		{B5279EE5-E662-45B0-8929-D90D0BDE16AB}.Release|Packages.Build.0 = Release|Any CPU
		{B5279EE5-E662-45B0-8929-D90D0BDE16AB}.Release|Tests.ActiveCfg = Release|Any CPU
		{B5279EE5-E662-45B0-8929-D90D0BDE16AB}.Release|Tests.Build.0 = Release|Any CPU
		{B5279EE5-E662-45B0-8929-D90D0BDE16AB}.Release|UWP_x64.ActiveCfg = Release|Any CPU
		{B5279EE5-E662-45B0-8929-D90D0BDE16AB}.Release|UWP_x64.Build.0 = Release|Any CPU
		{B5279EE5-E662-45B0-8929-D90D0BDE16AB}.Release|WASM.ActiveCfg = Release|Any CPU
		{B5279EE5-E662-45B0-8929-D90D0BDE16AB}.Release|WASM.Build.0 = Release|Any CPU
		{46670BA5-CDEC-4187-8D99-74ADDE56E4DC}.Debug|Android.ActiveCfg = Debug|Any CPU
		{46670BA5-CDEC-4187-8D99-74ADDE56E4DC}.Debug|Android.Build.0 = Debug|Any CPU
		{46670BA5-CDEC-4187-8D99-74ADDE56E4DC}.Debug|Android.Deploy.0 = Debug|Any CPU
		{46670BA5-CDEC-4187-8D99-74ADDE56E4DC}.Debug|Any CPU.ActiveCfg = Debug|Any CPU
		{46670BA5-CDEC-4187-8D99-74ADDE56E4DC}.Debug|Any CPU.Build.0 = Debug|Any CPU
		{46670BA5-CDEC-4187-8D99-74ADDE56E4DC}.Debug|Any CPU.Deploy.0 = Debug|Any CPU
		{46670BA5-CDEC-4187-8D99-74ADDE56E4DC}.Debug|iPhone.ActiveCfg = Debug|Any CPU
		{46670BA5-CDEC-4187-8D99-74ADDE56E4DC}.Debug|iPhoneSimulator.ActiveCfg = Debug|Any CPU
		{46670BA5-CDEC-4187-8D99-74ADDE56E4DC}.Debug|macOS.ActiveCfg = Debug|Any CPU
		{46670BA5-CDEC-4187-8D99-74ADDE56E4DC}.Debug|Packages.ActiveCfg = Debug|Any CPU
		{46670BA5-CDEC-4187-8D99-74ADDE56E4DC}.Debug|Tests.ActiveCfg = Debug|Any CPU
		{46670BA5-CDEC-4187-8D99-74ADDE56E4DC}.Debug|UWP_x64.ActiveCfg = Debug|Any CPU
		{46670BA5-CDEC-4187-8D99-74ADDE56E4DC}.Debug|WASM.ActiveCfg = Debug|Any CPU
		{46670BA5-CDEC-4187-8D99-74ADDE56E4DC}.Release|Android.ActiveCfg = Release|Any CPU
		{46670BA5-CDEC-4187-8D99-74ADDE56E4DC}.Release|Android.Build.0 = Release|Any CPU
		{46670BA5-CDEC-4187-8D99-74ADDE56E4DC}.Release|Android.Deploy.0 = Release|Any CPU
		{46670BA5-CDEC-4187-8D99-74ADDE56E4DC}.Release|Any CPU.ActiveCfg = Release|Any CPU
		{46670BA5-CDEC-4187-8D99-74ADDE56E4DC}.Release|Any CPU.Build.0 = Release|Any CPU
		{46670BA5-CDEC-4187-8D99-74ADDE56E4DC}.Release|Any CPU.Deploy.0 = Release|Any CPU
		{46670BA5-CDEC-4187-8D99-74ADDE56E4DC}.Release|iPhone.ActiveCfg = Release|Any CPU
		{46670BA5-CDEC-4187-8D99-74ADDE56E4DC}.Release|iPhoneSimulator.ActiveCfg = Release|Any CPU
		{46670BA5-CDEC-4187-8D99-74ADDE56E4DC}.Release|macOS.ActiveCfg = Release|Any CPU
		{46670BA5-CDEC-4187-8D99-74ADDE56E4DC}.Release|Packages.ActiveCfg = Release|Any CPU
		{46670BA5-CDEC-4187-8D99-74ADDE56E4DC}.Release|Tests.ActiveCfg = Release|Any CPU
		{46670BA5-CDEC-4187-8D99-74ADDE56E4DC}.Release|UWP_x64.ActiveCfg = Release|Any CPU
		{46670BA5-CDEC-4187-8D99-74ADDE56E4DC}.Release|WASM.ActiveCfg = Release|Any CPU
		{265517E4-AB14-453D-92DA-F32AA1D4007D}.Debug|Android.ActiveCfg = Debug|x64
		{265517E4-AB14-453D-92DA-F32AA1D4007D}.Debug|Any CPU.ActiveCfg = Debug|x64
		{265517E4-AB14-453D-92DA-F32AA1D4007D}.Debug|Any CPU.Build.0 = Debug|x64
		{265517E4-AB14-453D-92DA-F32AA1D4007D}.Debug|Any CPU.Deploy.0 = Debug|x64
		{265517E4-AB14-453D-92DA-F32AA1D4007D}.Debug|iPhone.ActiveCfg = Debug|x64
		{265517E4-AB14-453D-92DA-F32AA1D4007D}.Debug|iPhoneSimulator.ActiveCfg = Debug|x64
		{265517E4-AB14-453D-92DA-F32AA1D4007D}.Debug|macOS.ActiveCfg = Debug|x64
		{265517E4-AB14-453D-92DA-F32AA1D4007D}.Debug|Packages.ActiveCfg = Debug|x64
		{265517E4-AB14-453D-92DA-F32AA1D4007D}.Debug|Tests.ActiveCfg = Debug|x64
		{265517E4-AB14-453D-92DA-F32AA1D4007D}.Debug|UWP_x64.ActiveCfg = Debug|x64
		{265517E4-AB14-453D-92DA-F32AA1D4007D}.Debug|UWP_x64.Build.0 = Debug|x64
		{265517E4-AB14-453D-92DA-F32AA1D4007D}.Debug|UWP_x64.Deploy.0 = Debug|x64
		{265517E4-AB14-453D-92DA-F32AA1D4007D}.Debug|WASM.ActiveCfg = Debug|x64
		{265517E4-AB14-453D-92DA-F32AA1D4007D}.Release|Android.ActiveCfg = Release|x64
		{265517E4-AB14-453D-92DA-F32AA1D4007D}.Release|Any CPU.ActiveCfg = Release|x64
		{265517E4-AB14-453D-92DA-F32AA1D4007D}.Release|Any CPU.Build.0 = Release|x64
		{265517E4-AB14-453D-92DA-F32AA1D4007D}.Release|Any CPU.Deploy.0 = Release|x64
		{265517E4-AB14-453D-92DA-F32AA1D4007D}.Release|iPhone.ActiveCfg = Release|x64
		{265517E4-AB14-453D-92DA-F32AA1D4007D}.Release|iPhoneSimulator.ActiveCfg = Release|x64
		{265517E4-AB14-453D-92DA-F32AA1D4007D}.Release|macOS.ActiveCfg = Release|x64
		{265517E4-AB14-453D-92DA-F32AA1D4007D}.Release|Packages.ActiveCfg = Release|x64
		{265517E4-AB14-453D-92DA-F32AA1D4007D}.Release|Tests.ActiveCfg = Release|x64
		{265517E4-AB14-453D-92DA-F32AA1D4007D}.Release|UWP_x64.ActiveCfg = Release|x64
		{265517E4-AB14-453D-92DA-F32AA1D4007D}.Release|UWP_x64.Build.0 = Release|x64
		{265517E4-AB14-453D-92DA-F32AA1D4007D}.Release|UWP_x64.Deploy.0 = Release|x64
		{265517E4-AB14-453D-92DA-F32AA1D4007D}.Release|WASM.ActiveCfg = Release|x64
		{5D0F3763-F3BF-4478-B2D3-B47AB74205C9}.Debug|Android.ActiveCfg = Debug|Any CPU
		{5D0F3763-F3BF-4478-B2D3-B47AB74205C9}.Debug|Any CPU.ActiveCfg = Debug|Any CPU
		{5D0F3763-F3BF-4478-B2D3-B47AB74205C9}.Debug|Any CPU.Build.0 = Debug|Any CPU
		{5D0F3763-F3BF-4478-B2D3-B47AB74205C9}.Debug|iPhone.ActiveCfg = Debug|Any CPU
		{5D0F3763-F3BF-4478-B2D3-B47AB74205C9}.Debug|iPhoneSimulator.ActiveCfg = Debug|Any CPU
		{5D0F3763-F3BF-4478-B2D3-B47AB74205C9}.Debug|macOS.ActiveCfg = Debug|Any CPU
		{5D0F3763-F3BF-4478-B2D3-B47AB74205C9}.Debug|Packages.ActiveCfg = Debug|Any CPU
		{5D0F3763-F3BF-4478-B2D3-B47AB74205C9}.Debug|Tests.ActiveCfg = Debug|Any CPU
		{5D0F3763-F3BF-4478-B2D3-B47AB74205C9}.Debug|UWP_x64.ActiveCfg = Debug|Any CPU
		{5D0F3763-F3BF-4478-B2D3-B47AB74205C9}.Debug|WASM.ActiveCfg = Debug|Any CPU
		{5D0F3763-F3BF-4478-B2D3-B47AB74205C9}.Debug|WASM.Build.0 = Debug|Any CPU
		{5D0F3763-F3BF-4478-B2D3-B47AB74205C9}.Release|Android.ActiveCfg = Release|Any CPU
		{5D0F3763-F3BF-4478-B2D3-B47AB74205C9}.Release|Any CPU.ActiveCfg = Release|Any CPU
		{5D0F3763-F3BF-4478-B2D3-B47AB74205C9}.Release|Any CPU.Build.0 = Release|Any CPU
		{5D0F3763-F3BF-4478-B2D3-B47AB74205C9}.Release|iPhone.ActiveCfg = Release|Any CPU
		{5D0F3763-F3BF-4478-B2D3-B47AB74205C9}.Release|iPhoneSimulator.ActiveCfg = Release|Any CPU
		{5D0F3763-F3BF-4478-B2D3-B47AB74205C9}.Release|macOS.ActiveCfg = Release|Any CPU
		{5D0F3763-F3BF-4478-B2D3-B47AB74205C9}.Release|Packages.ActiveCfg = Release|Any CPU
		{5D0F3763-F3BF-4478-B2D3-B47AB74205C9}.Release|Tests.ActiveCfg = Release|Any CPU
		{5D0F3763-F3BF-4478-B2D3-B47AB74205C9}.Release|UWP_x64.ActiveCfg = Release|Any CPU
		{5D0F3763-F3BF-4478-B2D3-B47AB74205C9}.Release|WASM.ActiveCfg = Release|Any CPU
		{5D0F3763-F3BF-4478-B2D3-B47AB74205C9}.Release|WASM.Build.0 = Release|Any CPU
		{2C13056C-D56D-4302-A983-14AF3FFA565C}.Debug|Android.ActiveCfg = Debug|iPhone
		{2C13056C-D56D-4302-A983-14AF3FFA565C}.Debug|Any CPU.ActiveCfg = Debug|iPhone
		{2C13056C-D56D-4302-A983-14AF3FFA565C}.Debug|Any CPU.Build.0 = Debug|iPhone
		{2C13056C-D56D-4302-A983-14AF3FFA565C}.Debug|Any CPU.Deploy.0 = Debug|iPhone
		{2C13056C-D56D-4302-A983-14AF3FFA565C}.Debug|iPhone.ActiveCfg = Debug|iPhone
		{2C13056C-D56D-4302-A983-14AF3FFA565C}.Debug|iPhone.Build.0 = Debug|iPhone
		{2C13056C-D56D-4302-A983-14AF3FFA565C}.Debug|iPhone.Deploy.0 = Debug|iPhone
		{2C13056C-D56D-4302-A983-14AF3FFA565C}.Debug|iPhoneSimulator.ActiveCfg = Debug|iPhoneSimulator
		{2C13056C-D56D-4302-A983-14AF3FFA565C}.Debug|macOS.ActiveCfg = Debug|iPhone
		{2C13056C-D56D-4302-A983-14AF3FFA565C}.Debug|Packages.ActiveCfg = Debug|iPhone
		{2C13056C-D56D-4302-A983-14AF3FFA565C}.Debug|Tests.ActiveCfg = Debug|iPhone
		{2C13056C-D56D-4302-A983-14AF3FFA565C}.Debug|UWP_x64.ActiveCfg = Debug|iPhone
		{2C13056C-D56D-4302-A983-14AF3FFA565C}.Debug|WASM.ActiveCfg = Debug|iPhone
		{2C13056C-D56D-4302-A983-14AF3FFA565C}.Release|Android.ActiveCfg = Release|iPhoneSimulator
		{2C13056C-D56D-4302-A983-14AF3FFA565C}.Release|Any CPU.ActiveCfg = Release|iPhone
		{2C13056C-D56D-4302-A983-14AF3FFA565C}.Release|Any CPU.Build.0 = Release|iPhone
		{2C13056C-D56D-4302-A983-14AF3FFA565C}.Release|iPhone.ActiveCfg = Release|iPhone
		{2C13056C-D56D-4302-A983-14AF3FFA565C}.Release|iPhone.Build.0 = Release|iPhone
		{2C13056C-D56D-4302-A983-14AF3FFA565C}.Release|iPhone.Deploy.0 = Release|iPhone
		{2C13056C-D56D-4302-A983-14AF3FFA565C}.Release|iPhoneSimulator.ActiveCfg = Release|iPhoneSimulator
		{2C13056C-D56D-4302-A983-14AF3FFA565C}.Release|iPhoneSimulator.Build.0 = Release|iPhoneSimulator
		{2C13056C-D56D-4302-A983-14AF3FFA565C}.Release|iPhoneSimulator.Deploy.0 = Release|iPhoneSimulator
		{2C13056C-D56D-4302-A983-14AF3FFA565C}.Release|macOS.ActiveCfg = Release|iPhone
		{2C13056C-D56D-4302-A983-14AF3FFA565C}.Release|Packages.ActiveCfg = Release|iPhoneSimulator
		{2C13056C-D56D-4302-A983-14AF3FFA565C}.Release|Tests.ActiveCfg = Release|iPhoneSimulator
		{2C13056C-D56D-4302-A983-14AF3FFA565C}.Release|UWP_x64.ActiveCfg = Release|iPhoneSimulator
		{2C13056C-D56D-4302-A983-14AF3FFA565C}.Release|WASM.ActiveCfg = Release|iPhoneSimulator
		{E5A33630-47C0-4E0B-8D0A-9D50CCC3498B}.Debug|Android.ActiveCfg = Debug|iPhoneSimulator
		{E5A33630-47C0-4E0B-8D0A-9D50CCC3498B}.Debug|Any CPU.ActiveCfg = Debug|iPhoneSimulator
		{E5A33630-47C0-4E0B-8D0A-9D50CCC3498B}.Debug|Any CPU.Build.0 = Debug|iPhoneSimulator
		{E5A33630-47C0-4E0B-8D0A-9D50CCC3498B}.Debug|iPhone.ActiveCfg = Debug|iPhoneSimulator
		{E5A33630-47C0-4E0B-8D0A-9D50CCC3498B}.Debug|iPhoneSimulator.ActiveCfg = Debug|iPhoneSimulator
		{E5A33630-47C0-4E0B-8D0A-9D50CCC3498B}.Debug|iPhoneSimulator.Build.0 = Debug|iPhoneSimulator
		{E5A33630-47C0-4E0B-8D0A-9D50CCC3498B}.Debug|macOS.ActiveCfg = Debug|iPhoneSimulator
		{E5A33630-47C0-4E0B-8D0A-9D50CCC3498B}.Debug|macOS.Build.0 = Debug|iPhoneSimulator
		{E5A33630-47C0-4E0B-8D0A-9D50CCC3498B}.Debug|Packages.ActiveCfg = Debug|iPhoneSimulator
		{E5A33630-47C0-4E0B-8D0A-9D50CCC3498B}.Debug|Packages.Build.0 = Debug|iPhoneSimulator
		{E5A33630-47C0-4E0B-8D0A-9D50CCC3498B}.Debug|Tests.ActiveCfg = Debug|iPhoneSimulator
		{E5A33630-47C0-4E0B-8D0A-9D50CCC3498B}.Debug|Tests.Build.0 = Debug|iPhoneSimulator
		{E5A33630-47C0-4E0B-8D0A-9D50CCC3498B}.Debug|UWP_x64.ActiveCfg = Debug|iPhoneSimulator
		{E5A33630-47C0-4E0B-8D0A-9D50CCC3498B}.Debug|UWP_x64.Build.0 = Debug|iPhoneSimulator
		{E5A33630-47C0-4E0B-8D0A-9D50CCC3498B}.Debug|WASM.ActiveCfg = Debug|iPhoneSimulator
		{E5A33630-47C0-4E0B-8D0A-9D50CCC3498B}.Debug|WASM.Build.0 = Debug|iPhoneSimulator
		{E5A33630-47C0-4E0B-8D0A-9D50CCC3498B}.Release|Android.ActiveCfg = Release|iPhoneSimulator
		{E5A33630-47C0-4E0B-8D0A-9D50CCC3498B}.Release|Any CPU.ActiveCfg = Release|iPhoneSimulator
		{E5A33630-47C0-4E0B-8D0A-9D50CCC3498B}.Release|Any CPU.Build.0 = Release|iPhoneSimulator
		{E5A33630-47C0-4E0B-8D0A-9D50CCC3498B}.Release|iPhone.ActiveCfg = Release|iPhoneSimulator
		{E5A33630-47C0-4E0B-8D0A-9D50CCC3498B}.Release|iPhoneSimulator.ActiveCfg = Release|iPhoneSimulator
		{E5A33630-47C0-4E0B-8D0A-9D50CCC3498B}.Release|iPhoneSimulator.Build.0 = Release|iPhoneSimulator
		{E5A33630-47C0-4E0B-8D0A-9D50CCC3498B}.Release|macOS.ActiveCfg = Release|iPhoneSimulator
		{E5A33630-47C0-4E0B-8D0A-9D50CCC3498B}.Release|macOS.Build.0 = Release|iPhoneSimulator
		{E5A33630-47C0-4E0B-8D0A-9D50CCC3498B}.Release|Packages.ActiveCfg = Release|iPhoneSimulator
		{E5A33630-47C0-4E0B-8D0A-9D50CCC3498B}.Release|Tests.ActiveCfg = Release|iPhoneSimulator
		{E5A33630-47C0-4E0B-8D0A-9D50CCC3498B}.Release|Tests.Build.0 = Release|iPhoneSimulator
		{E5A33630-47C0-4E0B-8D0A-9D50CCC3498B}.Release|UWP_x64.ActiveCfg = Release|iPhoneSimulator
		{E5A33630-47C0-4E0B-8D0A-9D50CCC3498B}.Release|WASM.ActiveCfg = Release|iPhoneSimulator
		{E5A33630-47C0-4E0B-8D0A-9D50CCC3498B}.Release|WASM.Build.0 = Release|iPhoneSimulator
		{290980EF-0A64-43A5-AEB4-E022D82BBF8B}.Debug|Android.ActiveCfg = Debug|Any CPU
		{290980EF-0A64-43A5-AEB4-E022D82BBF8B}.Debug|Any CPU.ActiveCfg = Debug|Any CPU
		{290980EF-0A64-43A5-AEB4-E022D82BBF8B}.Debug|Any CPU.Build.0 = Debug|Any CPU
		{290980EF-0A64-43A5-AEB4-E022D82BBF8B}.Debug|iPhone.ActiveCfg = Debug|Any CPU
		{290980EF-0A64-43A5-AEB4-E022D82BBF8B}.Debug|iPhone.Build.0 = Debug|Any CPU
		{290980EF-0A64-43A5-AEB4-E022D82BBF8B}.Debug|iPhoneSimulator.ActiveCfg = Debug|Any CPU
		{290980EF-0A64-43A5-AEB4-E022D82BBF8B}.Debug|iPhoneSimulator.Build.0 = Debug|Any CPU
		{290980EF-0A64-43A5-AEB4-E022D82BBF8B}.Debug|macOS.ActiveCfg = Debug|Any CPU
		{290980EF-0A64-43A5-AEB4-E022D82BBF8B}.Debug|macOS.Build.0 = Debug|Any CPU
		{290980EF-0A64-43A5-AEB4-E022D82BBF8B}.Debug|Packages.ActiveCfg = Debug|Any CPU
		{290980EF-0A64-43A5-AEB4-E022D82BBF8B}.Debug|Packages.Build.0 = Debug|Any CPU
		{290980EF-0A64-43A5-AEB4-E022D82BBF8B}.Debug|Tests.ActiveCfg = Debug|Any CPU
		{290980EF-0A64-43A5-AEB4-E022D82BBF8B}.Debug|Tests.Build.0 = Debug|Any CPU
		{290980EF-0A64-43A5-AEB4-E022D82BBF8B}.Debug|UWP_x64.ActiveCfg = Debug|Any CPU
		{290980EF-0A64-43A5-AEB4-E022D82BBF8B}.Debug|UWP_x64.Build.0 = Debug|Any CPU
		{290980EF-0A64-43A5-AEB4-E022D82BBF8B}.Debug|WASM.ActiveCfg = Debug|Any CPU
		{290980EF-0A64-43A5-AEB4-E022D82BBF8B}.Debug|WASM.Build.0 = Debug|Any CPU
		{290980EF-0A64-43A5-AEB4-E022D82BBF8B}.Release|Android.ActiveCfg = Release|Any CPU
		{290980EF-0A64-43A5-AEB4-E022D82BBF8B}.Release|Any CPU.ActiveCfg = Release|Any CPU
		{290980EF-0A64-43A5-AEB4-E022D82BBF8B}.Release|Any CPU.Build.0 = Release|Any CPU
		{290980EF-0A64-43A5-AEB4-E022D82BBF8B}.Release|iPhone.ActiveCfg = Release|Any CPU
		{290980EF-0A64-43A5-AEB4-E022D82BBF8B}.Release|iPhone.Build.0 = Release|Any CPU
		{290980EF-0A64-43A5-AEB4-E022D82BBF8B}.Release|iPhoneSimulator.ActiveCfg = Release|Any CPU
		{290980EF-0A64-43A5-AEB4-E022D82BBF8B}.Release|iPhoneSimulator.Build.0 = Release|Any CPU
		{290980EF-0A64-43A5-AEB4-E022D82BBF8B}.Release|macOS.ActiveCfg = Release|Any CPU
		{290980EF-0A64-43A5-AEB4-E022D82BBF8B}.Release|macOS.Build.0 = Release|Any CPU
		{290980EF-0A64-43A5-AEB4-E022D82BBF8B}.Release|Packages.ActiveCfg = Release|Any CPU
		{290980EF-0A64-43A5-AEB4-E022D82BBF8B}.Release|Tests.ActiveCfg = Release|Any CPU
		{290980EF-0A64-43A5-AEB4-E022D82BBF8B}.Release|Tests.Build.0 = Release|Any CPU
		{290980EF-0A64-43A5-AEB4-E022D82BBF8B}.Release|UWP_x64.ActiveCfg = Release|Any CPU
		{290980EF-0A64-43A5-AEB4-E022D82BBF8B}.Release|UWP_x64.Build.0 = Release|Any CPU
		{290980EF-0A64-43A5-AEB4-E022D82BBF8B}.Release|WASM.ActiveCfg = Release|Any CPU
		{290980EF-0A64-43A5-AEB4-E022D82BBF8B}.Release|WASM.Build.0 = Release|Any CPU
		{98C1FDAC-C692-4C65-99E7-70FDD53B8F2E}.Debug|Android.ActiveCfg = Debug|Any CPU
		{98C1FDAC-C692-4C65-99E7-70FDD53B8F2E}.Debug|Android.Build.0 = Debug|Any CPU
		{98C1FDAC-C692-4C65-99E7-70FDD53B8F2E}.Debug|Any CPU.ActiveCfg = Debug|Any CPU
		{98C1FDAC-C692-4C65-99E7-70FDD53B8F2E}.Debug|Any CPU.Build.0 = Debug|Any CPU
		{98C1FDAC-C692-4C65-99E7-70FDD53B8F2E}.Debug|iPhone.ActiveCfg = Debug|Any CPU
		{98C1FDAC-C692-4C65-99E7-70FDD53B8F2E}.Debug|iPhone.Build.0 = Debug|Any CPU
		{98C1FDAC-C692-4C65-99E7-70FDD53B8F2E}.Debug|iPhoneSimulator.ActiveCfg = Debug|Any CPU
		{98C1FDAC-C692-4C65-99E7-70FDD53B8F2E}.Debug|iPhoneSimulator.Build.0 = Debug|Any CPU
		{98C1FDAC-C692-4C65-99E7-70FDD53B8F2E}.Debug|macOS.ActiveCfg = Debug|Any CPU
		{98C1FDAC-C692-4C65-99E7-70FDD53B8F2E}.Debug|macOS.Build.0 = Debug|Any CPU
		{98C1FDAC-C692-4C65-99E7-70FDD53B8F2E}.Debug|Packages.ActiveCfg = Debug|Any CPU
		{98C1FDAC-C692-4C65-99E7-70FDD53B8F2E}.Debug|Packages.Build.0 = Debug|Any CPU
		{98C1FDAC-C692-4C65-99E7-70FDD53B8F2E}.Debug|Tests.ActiveCfg = Debug|Any CPU
		{98C1FDAC-C692-4C65-99E7-70FDD53B8F2E}.Debug|Tests.Build.0 = Debug|Any CPU
		{98C1FDAC-C692-4C65-99E7-70FDD53B8F2E}.Debug|UWP_x64.ActiveCfg = Debug|Any CPU
		{98C1FDAC-C692-4C65-99E7-70FDD53B8F2E}.Debug|UWP_x64.Build.0 = Debug|Any CPU
		{98C1FDAC-C692-4C65-99E7-70FDD53B8F2E}.Debug|WASM.ActiveCfg = Debug|Any CPU
		{98C1FDAC-C692-4C65-99E7-70FDD53B8F2E}.Debug|WASM.Build.0 = Debug|Any CPU
		{98C1FDAC-C692-4C65-99E7-70FDD53B8F2E}.Release|Android.ActiveCfg = Release|Any CPU
		{98C1FDAC-C692-4C65-99E7-70FDD53B8F2E}.Release|Android.Build.0 = Release|Any CPU
		{98C1FDAC-C692-4C65-99E7-70FDD53B8F2E}.Release|Any CPU.ActiveCfg = Release|Any CPU
		{98C1FDAC-C692-4C65-99E7-70FDD53B8F2E}.Release|Any CPU.Build.0 = Release|Any CPU
		{98C1FDAC-C692-4C65-99E7-70FDD53B8F2E}.Release|iPhone.ActiveCfg = Release|Any CPU
		{98C1FDAC-C692-4C65-99E7-70FDD53B8F2E}.Release|iPhone.Build.0 = Release|Any CPU
		{98C1FDAC-C692-4C65-99E7-70FDD53B8F2E}.Release|iPhoneSimulator.ActiveCfg = Release|Any CPU
		{98C1FDAC-C692-4C65-99E7-70FDD53B8F2E}.Release|iPhoneSimulator.Build.0 = Release|Any CPU
		{98C1FDAC-C692-4C65-99E7-70FDD53B8F2E}.Release|macOS.ActiveCfg = Release|Any CPU
		{98C1FDAC-C692-4C65-99E7-70FDD53B8F2E}.Release|macOS.Build.0 = Release|Any CPU
		{98C1FDAC-C692-4C65-99E7-70FDD53B8F2E}.Release|Packages.ActiveCfg = Release|Any CPU
		{98C1FDAC-C692-4C65-99E7-70FDD53B8F2E}.Release|Packages.Build.0 = Release|Any CPU
		{98C1FDAC-C692-4C65-99E7-70FDD53B8F2E}.Release|Tests.ActiveCfg = Release|Any CPU
		{98C1FDAC-C692-4C65-99E7-70FDD53B8F2E}.Release|Tests.Build.0 = Release|Any CPU
		{98C1FDAC-C692-4C65-99E7-70FDD53B8F2E}.Release|UWP_x64.ActiveCfg = Release|Any CPU
		{98C1FDAC-C692-4C65-99E7-70FDD53B8F2E}.Release|UWP_x64.Build.0 = Release|Any CPU
		{98C1FDAC-C692-4C65-99E7-70FDD53B8F2E}.Release|WASM.ActiveCfg = Release|Any CPU
		{98C1FDAC-C692-4C65-99E7-70FDD53B8F2E}.Release|WASM.Build.0 = Release|Any CPU
	EndGlobalSection
	GlobalSection(SolutionProperties) = preSolution
		HideSolutionNode = FALSE
	EndGlobalSection
	GlobalSection(NestedProjects) = preSolution
		{B5279EE5-E662-45B0-8929-D90D0BDE16AB} = {EB41D6CC-AEBE-40A8-B42C-D3F7FBA7001E}
		{6279C845-92F8-4333-AB99-3D213163593C} = {F42C65EA-6E6A-43B9-9D9F-D8C6063AD309}
		{46670BA5-CDEC-4187-8D99-74ADDE56E4DC} = {F42C65EA-6E6A-43B9-9D9F-D8C6063AD309}
		{265517E4-AB14-453D-92DA-F32AA1D4007D} = {F42C65EA-6E6A-43B9-9D9F-D8C6063AD309}
		{5D0F3763-F3BF-4478-B2D3-B47AB74205C9} = {F42C65EA-6E6A-43B9-9D9F-D8C6063AD309}
		{2C13056C-D56D-4302-A983-14AF3FFA565C} = {F42C65EA-6E6A-43B9-9D9F-D8C6063AD309}
		{1EB1EA7F-DD48-49C2-97B3-ADB8E86EF28D} = {464D0819-2E75-4DED-9F70-039580314AFA}
		{E5A33630-47C0-4E0B-8D0A-9D50CCC3498B} = {F42C65EA-6E6A-43B9-9D9F-D8C6063AD309}
		{290980EF-0A64-43A5-AEB4-E022D82BBF8B} = {F42C65EA-6E6A-43B9-9D9F-D8C6063AD309}
		{98C1FDAC-C692-4C65-99E7-70FDD53B8F2E} = {EB41D6CC-AEBE-40A8-B42C-D3F7FBA7001E}
		{403C73AD-C54C-446D-8FF1-9CDF81D32919} = {EB41D6CC-AEBE-40A8-B42C-D3F7FBA7001E}
	EndGlobalSection
	GlobalSection(ExtensibilityGlobals) = postSolution
		SolutionGuid = {66F0EE99-4E63-43F2-9504-0CFC104E7084}
	EndGlobalSection
EndGlobal
