
Microsoft Visual Studio Solution File, Format Version 12.00
# Visual Studio Version 16
VisualStudioVersion = 16.0.29709.97
MinimumVisualStudioVersion = 10.0.40219.1
Project("{9A19103F-16F7-4668-BE54-9A1E7A4F7556}") = "Uno.Material", "src\library\Uno.Material\Uno.Material.csproj", "{B5279EE5-E662-45B0-8929-D90D0BDE16AB}"
EndProject
Project("{D954291E-2A0B-460D-934E-DC6B0785DB48}") = "Uno.Material.Samples.Shared", "src\samples\Uno.Material.Samples\Uno.Material.Samples.Shared\Uno.Material.Samples.Shared.shproj", "{6279C845-92F8-4333-AB99-3D213163593C}"
EndProject
Project("{FAE04EC0-301F-11D3-BF4B-00C04F79EFBC}") = "Uno.Material.Samples.Droid", "src\samples\Uno.Material.Samples\Uno.Material.Samples.Droid\Uno.Material.Samples.Droid.csproj", "{46670BA5-CDEC-4187-8D99-74ADDE56E4DC}"
EndProject
Project("{FAE04EC0-301F-11D3-BF4B-00C04F79EFBC}") = "Uno.Material.Samples.UWP", "src\samples\Uno.Material.Samples\Uno.Material.Samples.UWP\Uno.Material.Samples.UWP.csproj", "{265517E4-AB14-453D-92DA-F32AA1D4007D}"
EndProject
Project("{9A19103F-16F7-4668-BE54-9A1E7A4F7556}") = "Uno.Material.Samples.Wasm", "src\samples\Uno.Material.Samples\Uno.Material.Samples.Wasm\Uno.Material.Samples.Wasm.csproj", "{5D0F3763-F3BF-4478-B2D3-B47AB74205C9}"
EndProject
Project("{2150E333-8FDC-42A3-9474-1A3956D46DE8}") = "samples", "samples", "{F42C65EA-6E6A-43B9-9D9F-D8C6063AD309}"
EndProject
Project("{2150E333-8FDC-42A3-9474-1A3956D46DE8}") = "library", "library", "{EB41D6CC-AEBE-40A8-B42C-D3F7FBA7001E}"
EndProject
Project("{FAE04EC0-301F-11D3-BF4B-00C04F79EFBC}") = "Uno.Material.Samples.iOS", "src\samples\Uno.Material.Samples\Uno.Material.Samples.iOS\Uno.Material.Samples.iOS.csproj", "{2C13056C-D56D-4302-A983-14AF3FFA565C}"
EndProject
Global
	GlobalSection(SharedMSBuildProjectFiles) = preSolution
		src\samples\Uno.Material.Samples\Uno.Material.Samples.Shared\Uno.Material.Samples.Shared.projitems*{265517e4-ab14-453d-92da-f32aa1d4007d}*SharedItemsImports = 4
		src\samples\Uno.Material.Samples\Uno.Material.Samples.Shared\Uno.Material.Samples.Shared.projitems*{2c13056c-d56d-4302-a983-14af3ffa565c}*SharedItemsImports = 4
		src\samples\Uno.Material.Samples\Uno.Material.Samples.Shared\Uno.Material.Samples.Shared.projitems*{46670ba5-cdec-4187-8d99-74adde56e4dc}*SharedItemsImports = 4
		src\samples\Uno.Material.Samples\Uno.Material.Samples.Shared\Uno.Material.Samples.Shared.projitems*{5d0f3763-f3bf-4478-b2d3-b47ab74205c9}*SharedItemsImports = 5
		src\samples\Uno.Material.Samples\Uno.Material.Samples.Shared\Uno.Material.Samples.Shared.projitems*{6279c845-92f8-4333-ab99-3d213163593c}*SharedItemsImports = 13
	EndGlobalSection
	GlobalSection(SolutionConfigurationPlatforms) = preSolution
		Ad-Hoc|Any CPU = Ad-Hoc|Any CPU
		Ad-Hoc|ARM = Ad-Hoc|ARM
		Ad-Hoc|iPhone = Ad-Hoc|iPhone
		Ad-Hoc|iPhoneSimulator = Ad-Hoc|iPhoneSimulator
		Ad-Hoc|x64 = Ad-Hoc|x64
		Ad-Hoc|x86 = Ad-Hoc|x86
		AppStore|Any CPU = AppStore|Any CPU
		AppStore|ARM = AppStore|ARM
		AppStore|iPhone = AppStore|iPhone
		AppStore|iPhoneSimulator = AppStore|iPhoneSimulator
		AppStore|x64 = AppStore|x64
		AppStore|x86 = AppStore|x86
		Debug|Any CPU = Debug|Any CPU
		Debug|ARM = Debug|ARM
		Debug|iPhone = Debug|iPhone
		Debug|iPhoneSimulator = Debug|iPhoneSimulator
		Debug|x64 = Debug|x64
		Debug|x86 = Debug|x86
		Release|Any CPU = Release|Any CPU
		Release|ARM = Release|ARM
		Release|iPhone = Release|iPhone
		Release|iPhoneSimulator = Release|iPhoneSimulator
		Release|x64 = Release|x64
		Release|x86 = Release|x86
	EndGlobalSection
	GlobalSection(ProjectConfigurationPlatforms) = postSolution
		{B5279EE5-E662-45B0-8929-D90D0BDE16AB}.Ad-Hoc|Any CPU.ActiveCfg = Release|Any CPU
		{B5279EE5-E662-45B0-8929-D90D0BDE16AB}.Ad-Hoc|Any CPU.Build.0 = Release|Any CPU
		{B5279EE5-E662-45B0-8929-D90D0BDE16AB}.Ad-Hoc|ARM.ActiveCfg = Release|Any CPU
		{B5279EE5-E662-45B0-8929-D90D0BDE16AB}.Ad-Hoc|ARM.Build.0 = Release|Any CPU
		{B5279EE5-E662-45B0-8929-D90D0BDE16AB}.Ad-Hoc|iPhone.ActiveCfg = Release|Any CPU
		{B5279EE5-E662-45B0-8929-D90D0BDE16AB}.Ad-Hoc|iPhone.Build.0 = Release|Any CPU
		{B5279EE5-E662-45B0-8929-D90D0BDE16AB}.Ad-Hoc|iPhoneSimulator.ActiveCfg = Release|Any CPU
		{B5279EE5-E662-45B0-8929-D90D0BDE16AB}.Ad-Hoc|iPhoneSimulator.Build.0 = Release|Any CPU
		{B5279EE5-E662-45B0-8929-D90D0BDE16AB}.Ad-Hoc|x64.ActiveCfg = Release|Any CPU
		{B5279EE5-E662-45B0-8929-D90D0BDE16AB}.Ad-Hoc|x64.Build.0 = Release|Any CPU
		{B5279EE5-E662-45B0-8929-D90D0BDE16AB}.Ad-Hoc|x86.ActiveCfg = Release|Any CPU
		{B5279EE5-E662-45B0-8929-D90D0BDE16AB}.Ad-Hoc|x86.Build.0 = Release|Any CPU
		{B5279EE5-E662-45B0-8929-D90D0BDE16AB}.AppStore|Any CPU.ActiveCfg = Release|Any CPU
		{B5279EE5-E662-45B0-8929-D90D0BDE16AB}.AppStore|Any CPU.Build.0 = Release|Any CPU
		{B5279EE5-E662-45B0-8929-D90D0BDE16AB}.AppStore|ARM.ActiveCfg = Release|Any CPU
		{B5279EE5-E662-45B0-8929-D90D0BDE16AB}.AppStore|ARM.Build.0 = Release|Any CPU
		{B5279EE5-E662-45B0-8929-D90D0BDE16AB}.AppStore|iPhone.ActiveCfg = Release|Any CPU
		{B5279EE5-E662-45B0-8929-D90D0BDE16AB}.AppStore|iPhone.Build.0 = Release|Any CPU
		{B5279EE5-E662-45B0-8929-D90D0BDE16AB}.AppStore|iPhoneSimulator.ActiveCfg = Release|Any CPU
		{B5279EE5-E662-45B0-8929-D90D0BDE16AB}.AppStore|iPhoneSimulator.Build.0 = Release|Any CPU
		{B5279EE5-E662-45B0-8929-D90D0BDE16AB}.AppStore|x64.ActiveCfg = Release|Any CPU
		{B5279EE5-E662-45B0-8929-D90D0BDE16AB}.AppStore|x64.Build.0 = Release|Any CPU
		{B5279EE5-E662-45B0-8929-D90D0BDE16AB}.AppStore|x86.ActiveCfg = Release|Any CPU
		{B5279EE5-E662-45B0-8929-D90D0BDE16AB}.AppStore|x86.Build.0 = Release|Any CPU
		{B5279EE5-E662-45B0-8929-D90D0BDE16AB}.Debug|Any CPU.ActiveCfg = Debug|Any CPU
		{B5279EE5-E662-45B0-8929-D90D0BDE16AB}.Debug|Any CPU.Build.0 = Debug|Any CPU
		{B5279EE5-E662-45B0-8929-D90D0BDE16AB}.Debug|ARM.ActiveCfg = Debug|Any CPU
		{B5279EE5-E662-45B0-8929-D90D0BDE16AB}.Debug|ARM.Build.0 = Debug|Any CPU
		{B5279EE5-E662-45B0-8929-D90D0BDE16AB}.Debug|iPhone.ActiveCfg = Debug|Any CPU
		{B5279EE5-E662-45B0-8929-D90D0BDE16AB}.Debug|iPhone.Build.0 = Debug|Any CPU
		{B5279EE5-E662-45B0-8929-D90D0BDE16AB}.Debug|iPhoneSimulator.ActiveCfg = Debug|Any CPU
		{B5279EE5-E662-45B0-8929-D90D0BDE16AB}.Debug|iPhoneSimulator.Build.0 = Debug|Any CPU
		{B5279EE5-E662-45B0-8929-D90D0BDE16AB}.Debug|x64.ActiveCfg = Debug|Any CPU
		{B5279EE5-E662-45B0-8929-D90D0BDE16AB}.Debug|x64.Build.0 = Debug|Any CPU
		{B5279EE5-E662-45B0-8929-D90D0BDE16AB}.Debug|x86.ActiveCfg = Debug|Any CPU
		{B5279EE5-E662-45B0-8929-D90D0BDE16AB}.Debug|x86.Build.0 = Debug|Any CPU
		{B5279EE5-E662-45B0-8929-D90D0BDE16AB}.Release|Any CPU.ActiveCfg = Release|Any CPU
		{B5279EE5-E662-45B0-8929-D90D0BDE16AB}.Release|Any CPU.Build.0 = Release|Any CPU
		{B5279EE5-E662-45B0-8929-D90D0BDE16AB}.Release|ARM.ActiveCfg = Release|Any CPU
		{B5279EE5-E662-45B0-8929-D90D0BDE16AB}.Release|ARM.Build.0 = Release|Any CPU
		{B5279EE5-E662-45B0-8929-D90D0BDE16AB}.Release|iPhone.ActiveCfg = Release|Any CPU
		{B5279EE5-E662-45B0-8929-D90D0BDE16AB}.Release|iPhone.Build.0 = Release|Any CPU
		{B5279EE5-E662-45B0-8929-D90D0BDE16AB}.Release|iPhoneSimulator.ActiveCfg = Release|Any CPU
		{B5279EE5-E662-45B0-8929-D90D0BDE16AB}.Release|iPhoneSimulator.Build.0 = Release|Any CPU
		{B5279EE5-E662-45B0-8929-D90D0BDE16AB}.Release|x64.ActiveCfg = Release|Any CPU
		{B5279EE5-E662-45B0-8929-D90D0BDE16AB}.Release|x64.Build.0 = Release|Any CPU
		{B5279EE5-E662-45B0-8929-D90D0BDE16AB}.Release|x86.ActiveCfg = Release|Any CPU
		{B5279EE5-E662-45B0-8929-D90D0BDE16AB}.Release|x86.Build.0 = Release|Any CPU
		{46670BA5-CDEC-4187-8D99-74ADDE56E4DC}.Ad-Hoc|Any CPU.ActiveCfg = Release|Any CPU
		{46670BA5-CDEC-4187-8D99-74ADDE56E4DC}.Ad-Hoc|Any CPU.Build.0 = Release|Any CPU
		{46670BA5-CDEC-4187-8D99-74ADDE56E4DC}.Ad-Hoc|Any CPU.Deploy.0 = Release|Any CPU
		{46670BA5-CDEC-4187-8D99-74ADDE56E4DC}.Ad-Hoc|ARM.ActiveCfg = Release|Any CPU
		{46670BA5-CDEC-4187-8D99-74ADDE56E4DC}.Ad-Hoc|ARM.Build.0 = Release|Any CPU
		{46670BA5-CDEC-4187-8D99-74ADDE56E4DC}.Ad-Hoc|ARM.Deploy.0 = Release|Any CPU
		{46670BA5-CDEC-4187-8D99-74ADDE56E4DC}.Ad-Hoc|iPhone.ActiveCfg = Release|Any CPU
		{46670BA5-CDEC-4187-8D99-74ADDE56E4DC}.Ad-Hoc|iPhone.Build.0 = Release|Any CPU
		{46670BA5-CDEC-4187-8D99-74ADDE56E4DC}.Ad-Hoc|iPhone.Deploy.0 = Release|Any CPU
		{46670BA5-CDEC-4187-8D99-74ADDE56E4DC}.Ad-Hoc|iPhoneSimulator.ActiveCfg = Release|Any CPU
		{46670BA5-CDEC-4187-8D99-74ADDE56E4DC}.Ad-Hoc|iPhoneSimulator.Build.0 = Release|Any CPU
		{46670BA5-CDEC-4187-8D99-74ADDE56E4DC}.Ad-Hoc|iPhoneSimulator.Deploy.0 = Release|Any CPU
		{46670BA5-CDEC-4187-8D99-74ADDE56E4DC}.Ad-Hoc|x64.ActiveCfg = Release|Any CPU
		{46670BA5-CDEC-4187-8D99-74ADDE56E4DC}.Ad-Hoc|x64.Build.0 = Release|Any CPU
		{46670BA5-CDEC-4187-8D99-74ADDE56E4DC}.Ad-Hoc|x64.Deploy.0 = Release|Any CPU
		{46670BA5-CDEC-4187-8D99-74ADDE56E4DC}.Ad-Hoc|x86.ActiveCfg = Release|Any CPU
		{46670BA5-CDEC-4187-8D99-74ADDE56E4DC}.Ad-Hoc|x86.Build.0 = Release|Any CPU
		{46670BA5-CDEC-4187-8D99-74ADDE56E4DC}.Ad-Hoc|x86.Deploy.0 = Release|Any CPU
		{46670BA5-CDEC-4187-8D99-74ADDE56E4DC}.AppStore|Any CPU.ActiveCfg = Release|Any CPU
		{46670BA5-CDEC-4187-8D99-74ADDE56E4DC}.AppStore|Any CPU.Build.0 = Release|Any CPU
		{46670BA5-CDEC-4187-8D99-74ADDE56E4DC}.AppStore|Any CPU.Deploy.0 = Release|Any CPU
		{46670BA5-CDEC-4187-8D99-74ADDE56E4DC}.AppStore|ARM.ActiveCfg = Release|Any CPU
		{46670BA5-CDEC-4187-8D99-74ADDE56E4DC}.AppStore|ARM.Build.0 = Release|Any CPU
		{46670BA5-CDEC-4187-8D99-74ADDE56E4DC}.AppStore|ARM.Deploy.0 = Release|Any CPU
		{46670BA5-CDEC-4187-8D99-74ADDE56E4DC}.AppStore|iPhone.ActiveCfg = Release|Any CPU
		{46670BA5-CDEC-4187-8D99-74ADDE56E4DC}.AppStore|iPhone.Build.0 = Release|Any CPU
		{46670BA5-CDEC-4187-8D99-74ADDE56E4DC}.AppStore|iPhone.Deploy.0 = Release|Any CPU
		{46670BA5-CDEC-4187-8D99-74ADDE56E4DC}.AppStore|iPhoneSimulator.ActiveCfg = Release|Any CPU
		{46670BA5-CDEC-4187-8D99-74ADDE56E4DC}.AppStore|iPhoneSimulator.Build.0 = Release|Any CPU
		{46670BA5-CDEC-4187-8D99-74ADDE56E4DC}.AppStore|iPhoneSimulator.Deploy.0 = Release|Any CPU
		{46670BA5-CDEC-4187-8D99-74ADDE56E4DC}.AppStore|x64.ActiveCfg = Release|Any CPU
		{46670BA5-CDEC-4187-8D99-74ADDE56E4DC}.AppStore|x64.Build.0 = Release|Any CPU
		{46670BA5-CDEC-4187-8D99-74ADDE56E4DC}.AppStore|x64.Deploy.0 = Release|Any CPU
		{46670BA5-CDEC-4187-8D99-74ADDE56E4DC}.AppStore|x86.ActiveCfg = Release|Any CPU
		{46670BA5-CDEC-4187-8D99-74ADDE56E4DC}.AppStore|x86.Build.0 = Release|Any CPU
		{46670BA5-CDEC-4187-8D99-74ADDE56E4DC}.AppStore|x86.Deploy.0 = Release|Any CPU
		{46670BA5-CDEC-4187-8D99-74ADDE56E4DC}.Debug|Any CPU.ActiveCfg = Debug|Any CPU
		{46670BA5-CDEC-4187-8D99-74ADDE56E4DC}.Debug|Any CPU.Build.0 = Debug|Any CPU
		{46670BA5-CDEC-4187-8D99-74ADDE56E4DC}.Debug|Any CPU.Deploy.0 = Debug|Any CPU
		{46670BA5-CDEC-4187-8D99-74ADDE56E4DC}.Debug|ARM.ActiveCfg = Debug|Any CPU
		{46670BA5-CDEC-4187-8D99-74ADDE56E4DC}.Debug|ARM.Build.0 = Debug|Any CPU
		{46670BA5-CDEC-4187-8D99-74ADDE56E4DC}.Debug|ARM.Deploy.0 = Debug|Any CPU
		{46670BA5-CDEC-4187-8D99-74ADDE56E4DC}.Debug|iPhone.ActiveCfg = Debug|Any CPU
		{46670BA5-CDEC-4187-8D99-74ADDE56E4DC}.Debug|iPhone.Build.0 = Debug|Any CPU
		{46670BA5-CDEC-4187-8D99-74ADDE56E4DC}.Debug|iPhone.Deploy.0 = Debug|Any CPU
		{46670BA5-CDEC-4187-8D99-74ADDE56E4DC}.Debug|iPhoneSimulator.ActiveCfg = Debug|Any CPU
		{46670BA5-CDEC-4187-8D99-74ADDE56E4DC}.Debug|iPhoneSimulator.Build.0 = Debug|Any CPU
		{46670BA5-CDEC-4187-8D99-74ADDE56E4DC}.Debug|iPhoneSimulator.Deploy.0 = Debug|Any CPU
		{46670BA5-CDEC-4187-8D99-74ADDE56E4DC}.Debug|x64.ActiveCfg = Debug|Any CPU
		{46670BA5-CDEC-4187-8D99-74ADDE56E4DC}.Debug|x64.Build.0 = Debug|Any CPU
		{46670BA5-CDEC-4187-8D99-74ADDE56E4DC}.Debug|x64.Deploy.0 = Debug|Any CPU
		{46670BA5-CDEC-4187-8D99-74ADDE56E4DC}.Debug|x86.ActiveCfg = Debug|Any CPU
		{46670BA5-CDEC-4187-8D99-74ADDE56E4DC}.Debug|x86.Build.0 = Debug|Any CPU
		{46670BA5-CDEC-4187-8D99-74ADDE56E4DC}.Debug|x86.Deploy.0 = Debug|Any CPU
		{46670BA5-CDEC-4187-8D99-74ADDE56E4DC}.Release|Any CPU.ActiveCfg = Release|Any CPU
		{46670BA5-CDEC-4187-8D99-74ADDE56E4DC}.Release|Any CPU.Build.0 = Release|Any CPU
		{46670BA5-CDEC-4187-8D99-74ADDE56E4DC}.Release|Any CPU.Deploy.0 = Release|Any CPU
		{46670BA5-CDEC-4187-8D99-74ADDE56E4DC}.Release|ARM.ActiveCfg = Release|Any CPU
		{46670BA5-CDEC-4187-8D99-74ADDE56E4DC}.Release|ARM.Build.0 = Release|Any CPU
		{46670BA5-CDEC-4187-8D99-74ADDE56E4DC}.Release|ARM.Deploy.0 = Release|Any CPU
		{46670BA5-CDEC-4187-8D99-74ADDE56E4DC}.Release|iPhone.ActiveCfg = Release|Any CPU
		{46670BA5-CDEC-4187-8D99-74ADDE56E4DC}.Release|iPhone.Build.0 = Release|Any CPU
		{46670BA5-CDEC-4187-8D99-74ADDE56E4DC}.Release|iPhone.Deploy.0 = Release|Any CPU
		{46670BA5-CDEC-4187-8D99-74ADDE56E4DC}.Release|iPhoneSimulator.ActiveCfg = Release|Any CPU
		{46670BA5-CDEC-4187-8D99-74ADDE56E4DC}.Release|iPhoneSimulator.Build.0 = Release|Any CPU
		{46670BA5-CDEC-4187-8D99-74ADDE56E4DC}.Release|iPhoneSimulator.Deploy.0 = Release|Any CPU
		{46670BA5-CDEC-4187-8D99-74ADDE56E4DC}.Release|x64.ActiveCfg = Release|Any CPU
		{46670BA5-CDEC-4187-8D99-74ADDE56E4DC}.Release|x64.Build.0 = Release|Any CPU
		{46670BA5-CDEC-4187-8D99-74ADDE56E4DC}.Release|x64.Deploy.0 = Release|Any CPU
		{46670BA5-CDEC-4187-8D99-74ADDE56E4DC}.Release|x86.ActiveCfg = Release|Any CPU
		{46670BA5-CDEC-4187-8D99-74ADDE56E4DC}.Release|x86.Build.0 = Release|Any CPU
		{46670BA5-CDEC-4187-8D99-74ADDE56E4DC}.Release|x86.Deploy.0 = Release|Any CPU
		{265517E4-AB14-453D-92DA-F32AA1D4007D}.Ad-Hoc|Any CPU.ActiveCfg = Release|x64
		{265517E4-AB14-453D-92DA-F32AA1D4007D}.Ad-Hoc|Any CPU.Build.0 = Release|x64
		{265517E4-AB14-453D-92DA-F32AA1D4007D}.Ad-Hoc|Any CPU.Deploy.0 = Release|x64
		{265517E4-AB14-453D-92DA-F32AA1D4007D}.Ad-Hoc|ARM.ActiveCfg = Release|ARM
		{265517E4-AB14-453D-92DA-F32AA1D4007D}.Ad-Hoc|ARM.Build.0 = Release|ARM
		{265517E4-AB14-453D-92DA-F32AA1D4007D}.Ad-Hoc|ARM.Deploy.0 = Release|ARM
		{265517E4-AB14-453D-92DA-F32AA1D4007D}.Ad-Hoc|iPhone.ActiveCfg = Release|x64
		{265517E4-AB14-453D-92DA-F32AA1D4007D}.Ad-Hoc|iPhone.Build.0 = Release|x64
		{265517E4-AB14-453D-92DA-F32AA1D4007D}.Ad-Hoc|iPhone.Deploy.0 = Release|x64
		{265517E4-AB14-453D-92DA-F32AA1D4007D}.Ad-Hoc|iPhoneSimulator.ActiveCfg = Release|x64
		{265517E4-AB14-453D-92DA-F32AA1D4007D}.Ad-Hoc|iPhoneSimulator.Build.0 = Release|x64
		{265517E4-AB14-453D-92DA-F32AA1D4007D}.Ad-Hoc|iPhoneSimulator.Deploy.0 = Release|x64
		{265517E4-AB14-453D-92DA-F32AA1D4007D}.Ad-Hoc|x64.ActiveCfg = Release|x64
		{265517E4-AB14-453D-92DA-F32AA1D4007D}.Ad-Hoc|x64.Build.0 = Release|x64
		{265517E4-AB14-453D-92DA-F32AA1D4007D}.Ad-Hoc|x64.Deploy.0 = Release|x64
		{265517E4-AB14-453D-92DA-F32AA1D4007D}.Ad-Hoc|x86.ActiveCfg = Release|x86
		{265517E4-AB14-453D-92DA-F32AA1D4007D}.Ad-Hoc|x86.Build.0 = Release|x86
		{265517E4-AB14-453D-92DA-F32AA1D4007D}.Ad-Hoc|x86.Deploy.0 = Release|x86
		{265517E4-AB14-453D-92DA-F32AA1D4007D}.AppStore|Any CPU.ActiveCfg = Release|x64
		{265517E4-AB14-453D-92DA-F32AA1D4007D}.AppStore|Any CPU.Build.0 = Release|x64
		{265517E4-AB14-453D-92DA-F32AA1D4007D}.AppStore|Any CPU.Deploy.0 = Release|x64
		{265517E4-AB14-453D-92DA-F32AA1D4007D}.AppStore|ARM.ActiveCfg = Release|ARM
		{265517E4-AB14-453D-92DA-F32AA1D4007D}.AppStore|ARM.Build.0 = Release|ARM
		{265517E4-AB14-453D-92DA-F32AA1D4007D}.AppStore|ARM.Deploy.0 = Release|ARM
		{265517E4-AB14-453D-92DA-F32AA1D4007D}.AppStore|iPhone.ActiveCfg = Release|x64
		{265517E4-AB14-453D-92DA-F32AA1D4007D}.AppStore|iPhone.Build.0 = Release|x64
		{265517E4-AB14-453D-92DA-F32AA1D4007D}.AppStore|iPhone.Deploy.0 = Release|x64
		{265517E4-AB14-453D-92DA-F32AA1D4007D}.AppStore|iPhoneSimulator.ActiveCfg = Release|x64
		{265517E4-AB14-453D-92DA-F32AA1D4007D}.AppStore|iPhoneSimulator.Build.0 = Release|x64
		{265517E4-AB14-453D-92DA-F32AA1D4007D}.AppStore|iPhoneSimulator.Deploy.0 = Release|x64
		{265517E4-AB14-453D-92DA-F32AA1D4007D}.AppStore|x64.ActiveCfg = Release|x64
		{265517E4-AB14-453D-92DA-F32AA1D4007D}.AppStore|x64.Build.0 = Release|x64
		{265517E4-AB14-453D-92DA-F32AA1D4007D}.AppStore|x64.Deploy.0 = Release|x64
		{265517E4-AB14-453D-92DA-F32AA1D4007D}.AppStore|x86.ActiveCfg = Release|x86
		{265517E4-AB14-453D-92DA-F32AA1D4007D}.AppStore|x86.Build.0 = Release|x86
		{265517E4-AB14-453D-92DA-F32AA1D4007D}.AppStore|x86.Deploy.0 = Release|x86
		{265517E4-AB14-453D-92DA-F32AA1D4007D}.Debug|Any CPU.ActiveCfg = Debug|x86
		{265517E4-AB14-453D-92DA-F32AA1D4007D}.Debug|ARM.ActiveCfg = Debug|ARM
		{265517E4-AB14-453D-92DA-F32AA1D4007D}.Debug|ARM.Build.0 = Debug|ARM
		{265517E4-AB14-453D-92DA-F32AA1D4007D}.Debug|ARM.Deploy.0 = Debug|ARM
		{265517E4-AB14-453D-92DA-F32AA1D4007D}.Debug|iPhone.ActiveCfg = Debug|x86
		{265517E4-AB14-453D-92DA-F32AA1D4007D}.Debug|iPhoneSimulator.ActiveCfg = Debug|x86
		{265517E4-AB14-453D-92DA-F32AA1D4007D}.Debug|x64.ActiveCfg = Debug|x64
		{265517E4-AB14-453D-92DA-F32AA1D4007D}.Debug|x64.Build.0 = Debug|x64
		{265517E4-AB14-453D-92DA-F32AA1D4007D}.Debug|x64.Deploy.0 = Debug|x64
		{265517E4-AB14-453D-92DA-F32AA1D4007D}.Debug|x86.ActiveCfg = Debug|x86
		{265517E4-AB14-453D-92DA-F32AA1D4007D}.Debug|x86.Build.0 = Debug|x86
		{265517E4-AB14-453D-92DA-F32AA1D4007D}.Debug|x86.Deploy.0 = Debug|x86
		{265517E4-AB14-453D-92DA-F32AA1D4007D}.Release|Any CPU.ActiveCfg = Release|x86
		{265517E4-AB14-453D-92DA-F32AA1D4007D}.Release|ARM.ActiveCfg = Release|ARM
		{265517E4-AB14-453D-92DA-F32AA1D4007D}.Release|ARM.Build.0 = Release|ARM
		{265517E4-AB14-453D-92DA-F32AA1D4007D}.Release|ARM.Deploy.0 = Release|ARM
		{265517E4-AB14-453D-92DA-F32AA1D4007D}.Release|iPhone.ActiveCfg = Release|x86
		{265517E4-AB14-453D-92DA-F32AA1D4007D}.Release|iPhoneSimulator.ActiveCfg = Release|x86
		{265517E4-AB14-453D-92DA-F32AA1D4007D}.Release|x64.ActiveCfg = Release|x64
		{265517E4-AB14-453D-92DA-F32AA1D4007D}.Release|x64.Build.0 = Release|x64
		{265517E4-AB14-453D-92DA-F32AA1D4007D}.Release|x64.Deploy.0 = Release|x64
		{265517E4-AB14-453D-92DA-F32AA1D4007D}.Release|x86.ActiveCfg = Release|x86
		{265517E4-AB14-453D-92DA-F32AA1D4007D}.Release|x86.Build.0 = Release|x86
		{265517E4-AB14-453D-92DA-F32AA1D4007D}.Release|x86.Deploy.0 = Release|x86
		{5D0F3763-F3BF-4478-B2D3-B47AB74205C9}.Ad-Hoc|Any CPU.ActiveCfg = Debug|Any CPU
		{5D0F3763-F3BF-4478-B2D3-B47AB74205C9}.Ad-Hoc|Any CPU.Build.0 = Debug|Any CPU
		{5D0F3763-F3BF-4478-B2D3-B47AB74205C9}.Ad-Hoc|ARM.ActiveCfg = Debug|Any CPU
		{5D0F3763-F3BF-4478-B2D3-B47AB74205C9}.Ad-Hoc|ARM.Build.0 = Debug|Any CPU
		{5D0F3763-F3BF-4478-B2D3-B47AB74205C9}.Ad-Hoc|iPhone.ActiveCfg = Debug|Any CPU
		{5D0F3763-F3BF-4478-B2D3-B47AB74205C9}.Ad-Hoc|iPhone.Build.0 = Debug|Any CPU
		{5D0F3763-F3BF-4478-B2D3-B47AB74205C9}.Ad-Hoc|iPhoneSimulator.ActiveCfg = Debug|Any CPU
		{5D0F3763-F3BF-4478-B2D3-B47AB74205C9}.Ad-Hoc|iPhoneSimulator.Build.0 = Debug|Any CPU
		{5D0F3763-F3BF-4478-B2D3-B47AB74205C9}.Ad-Hoc|x64.ActiveCfg = Debug|Any CPU
		{5D0F3763-F3BF-4478-B2D3-B47AB74205C9}.Ad-Hoc|x64.Build.0 = Debug|Any CPU
		{5D0F3763-F3BF-4478-B2D3-B47AB74205C9}.Ad-Hoc|x86.ActiveCfg = Debug|Any CPU
		{5D0F3763-F3BF-4478-B2D3-B47AB74205C9}.Ad-Hoc|x86.Build.0 = Debug|Any CPU
		{5D0F3763-F3BF-4478-B2D3-B47AB74205C9}.AppStore|Any CPU.ActiveCfg = Debug|Any CPU
		{5D0F3763-F3BF-4478-B2D3-B47AB74205C9}.AppStore|Any CPU.Build.0 = Debug|Any CPU
		{5D0F3763-F3BF-4478-B2D3-B47AB74205C9}.AppStore|ARM.ActiveCfg = Debug|Any CPU
		{5D0F3763-F3BF-4478-B2D3-B47AB74205C9}.AppStore|ARM.Build.0 = Debug|Any CPU
		{5D0F3763-F3BF-4478-B2D3-B47AB74205C9}.AppStore|iPhone.ActiveCfg = Debug|Any CPU
		{5D0F3763-F3BF-4478-B2D3-B47AB74205C9}.AppStore|iPhone.Build.0 = Debug|Any CPU
		{5D0F3763-F3BF-4478-B2D3-B47AB74205C9}.AppStore|iPhoneSimulator.ActiveCfg = Debug|Any CPU
		{5D0F3763-F3BF-4478-B2D3-B47AB74205C9}.AppStore|iPhoneSimulator.Build.0 = Debug|Any CPU
		{5D0F3763-F3BF-4478-B2D3-B47AB74205C9}.AppStore|x64.ActiveCfg = Debug|Any CPU
		{5D0F3763-F3BF-4478-B2D3-B47AB74205C9}.AppStore|x64.Build.0 = Debug|Any CPU
		{5D0F3763-F3BF-4478-B2D3-B47AB74205C9}.AppStore|x86.ActiveCfg = Debug|Any CPU
		{5D0F3763-F3BF-4478-B2D3-B47AB74205C9}.AppStore|x86.Build.0 = Debug|Any CPU
		{5D0F3763-F3BF-4478-B2D3-B47AB74205C9}.Debug|Any CPU.ActiveCfg = Debug|Any CPU
		{5D0F3763-F3BF-4478-B2D3-B47AB74205C9}.Debug|Any CPU.Build.0 = Debug|Any CPU
		{5D0F3763-F3BF-4478-B2D3-B47AB74205C9}.Debug|ARM.ActiveCfg = Debug|Any CPU
		{5D0F3763-F3BF-4478-B2D3-B47AB74205C9}.Debug|ARM.Build.0 = Debug|Any CPU
		{5D0F3763-F3BF-4478-B2D3-B47AB74205C9}.Debug|iPhone.ActiveCfg = Debug|Any CPU
		{5D0F3763-F3BF-4478-B2D3-B47AB74205C9}.Debug|iPhone.Build.0 = Debug|Any CPU
		{5D0F3763-F3BF-4478-B2D3-B47AB74205C9}.Debug|iPhoneSimulator.ActiveCfg = Debug|Any CPU
		{5D0F3763-F3BF-4478-B2D3-B47AB74205C9}.Debug|iPhoneSimulator.Build.0 = Debug|Any CPU
		{5D0F3763-F3BF-4478-B2D3-B47AB74205C9}.Debug|x64.ActiveCfg = Debug|Any CPU
		{5D0F3763-F3BF-4478-B2D3-B47AB74205C9}.Debug|x64.Build.0 = Debug|Any CPU
		{5D0F3763-F3BF-4478-B2D3-B47AB74205C9}.Debug|x86.ActiveCfg = Debug|Any CPU
		{5D0F3763-F3BF-4478-B2D3-B47AB74205C9}.Debug|x86.Build.0 = Debug|Any CPU
		{5D0F3763-F3BF-4478-B2D3-B47AB74205C9}.Release|Any CPU.ActiveCfg = Release|Any CPU
		{5D0F3763-F3BF-4478-B2D3-B47AB74205C9}.Release|Any CPU.Build.0 = Release|Any CPU
		{5D0F3763-F3BF-4478-B2D3-B47AB74205C9}.Release|ARM.ActiveCfg = Release|Any CPU
		{5D0F3763-F3BF-4478-B2D3-B47AB74205C9}.Release|ARM.Build.0 = Release|Any CPU
		{5D0F3763-F3BF-4478-B2D3-B47AB74205C9}.Release|iPhone.ActiveCfg = Release|Any CPU
		{5D0F3763-F3BF-4478-B2D3-B47AB74205C9}.Release|iPhone.Build.0 = Release|Any CPU
		{5D0F3763-F3BF-4478-B2D3-B47AB74205C9}.Release|iPhoneSimulator.ActiveCfg = Release|Any CPU
		{5D0F3763-F3BF-4478-B2D3-B47AB74205C9}.Release|iPhoneSimulator.Build.0 = Release|Any CPU
		{5D0F3763-F3BF-4478-B2D3-B47AB74205C9}.Release|x64.ActiveCfg = Release|Any CPU
		{5D0F3763-F3BF-4478-B2D3-B47AB74205C9}.Release|x64.Build.0 = Release|Any CPU
		{5D0F3763-F3BF-4478-B2D3-B47AB74205C9}.Release|x86.ActiveCfg = Release|Any CPU
		{5D0F3763-F3BF-4478-B2D3-B47AB74205C9}.Release|x86.Build.0 = Release|Any CPU
		{2C13056C-D56D-4302-A983-14AF3FFA565C}.Ad-Hoc|Any CPU.ActiveCfg = Ad-Hoc|iPhone
		{2C13056C-D56D-4302-A983-14AF3FFA565C}.Ad-Hoc|ARM.ActiveCfg = Ad-Hoc|iPhone
		{2C13056C-D56D-4302-A983-14AF3FFA565C}.Ad-Hoc|iPhone.ActiveCfg = Ad-Hoc|iPhone
		{2C13056C-D56D-4302-A983-14AF3FFA565C}.Ad-Hoc|iPhone.Build.0 = Ad-Hoc|iPhone
		{2C13056C-D56D-4302-A983-14AF3FFA565C}.Ad-Hoc|iPhoneSimulator.ActiveCfg = Ad-Hoc|iPhoneSimulator
		{2C13056C-D56D-4302-A983-14AF3FFA565C}.Ad-Hoc|iPhoneSimulator.Build.0 = Ad-Hoc|iPhoneSimulator
		{2C13056C-D56D-4302-A983-14AF3FFA565C}.Ad-Hoc|x64.ActiveCfg = Ad-Hoc|iPhone
		{2C13056C-D56D-4302-A983-14AF3FFA565C}.Ad-Hoc|x86.ActiveCfg = Ad-Hoc|iPhone
		{2C13056C-D56D-4302-A983-14AF3FFA565C}.AppStore|Any CPU.ActiveCfg = AppStore|iPhone
		{2C13056C-D56D-4302-A983-14AF3FFA565C}.AppStore|ARM.ActiveCfg = AppStore|iPhone
		{2C13056C-D56D-4302-A983-14AF3FFA565C}.AppStore|iPhone.ActiveCfg = AppStore|iPhone
		{2C13056C-D56D-4302-A983-14AF3FFA565C}.AppStore|iPhone.Build.0 = AppStore|iPhone
		{2C13056C-D56D-4302-A983-14AF3FFA565C}.AppStore|iPhoneSimulator.ActiveCfg = AppStore|iPhoneSimulator
		{2C13056C-D56D-4302-A983-14AF3FFA565C}.AppStore|iPhoneSimulator.Build.0 = AppStore|iPhoneSimulator
		{2C13056C-D56D-4302-A983-14AF3FFA565C}.AppStore|x64.ActiveCfg = AppStore|iPhone
		{2C13056C-D56D-4302-A983-14AF3FFA565C}.AppStore|x86.ActiveCfg = AppStore|iPhone
		{2C13056C-D56D-4302-A983-14AF3FFA565C}.Debug|Any CPU.ActiveCfg = Debug|iPhone
		{2C13056C-D56D-4302-A983-14AF3FFA565C}.Debug|ARM.ActiveCfg = Debug|iPhone
		{2C13056C-D56D-4302-A983-14AF3FFA565C}.Debug|iPhone.ActiveCfg = Debug|iPhone
		{2C13056C-D56D-4302-A983-14AF3FFA565C}.Debug|iPhone.Build.0 = Debug|iPhone
		{2C13056C-D56D-4302-A983-14AF3FFA565C}.Debug|iPhoneSimulator.ActiveCfg = Debug|iPhoneSimulator
		{2C13056C-D56D-4302-A983-14AF3FFA565C}.Debug|iPhoneSimulator.Build.0 = Debug|iPhoneSimulator
		{2C13056C-D56D-4302-A983-14AF3FFA565C}.Debug|x64.ActiveCfg = Debug|iPhone
		{2C13056C-D56D-4302-A983-14AF3FFA565C}.Debug|x86.ActiveCfg = Debug|iPhone
		{2C13056C-D56D-4302-A983-14AF3FFA565C}.Release|Any CPU.ActiveCfg = Release|iPhone
		{2C13056C-D56D-4302-A983-14AF3FFA565C}.Release|ARM.ActiveCfg = Release|iPhone
		{2C13056C-D56D-4302-A983-14AF3FFA565C}.Release|iPhone.ActiveCfg = Release|iPhone
		{2C13056C-D56D-4302-A983-14AF3FFA565C}.Release|iPhone.Build.0 = Release|iPhone
		{2C13056C-D56D-4302-A983-14AF3FFA565C}.Release|iPhoneSimulator.ActiveCfg = Release|iPhoneSimulator
		{2C13056C-D56D-4302-A983-14AF3FFA565C}.Release|iPhoneSimulator.Build.0 = Release|iPhoneSimulator
		{2C13056C-D56D-4302-A983-14AF3FFA565C}.Release|x64.ActiveCfg = Release|iPhone
		{2C13056C-D56D-4302-A983-14AF3FFA565C}.Release|x86.ActiveCfg = Release|iPhone
	EndGlobalSection
	GlobalSection(SolutionProperties) = preSolution
		HideSolutionNode = FALSE
	EndGlobalSection
	GlobalSection(NestedProjects) = preSolution
		{B5279EE5-E662-45B0-8929-D90D0BDE16AB} = {EB41D6CC-AEBE-40A8-B42C-D3F7FBA7001E}
		{6279C845-92F8-4333-AB99-3D213163593C} = {F42C65EA-6E6A-43B9-9D9F-D8C6063AD309}
		{46670BA5-CDEC-4187-8D99-74ADDE56E4DC} = {F42C65EA-6E6A-43B9-9D9F-D8C6063AD309}
		{265517E4-AB14-453D-92DA-F32AA1D4007D} = {F42C65EA-6E6A-43B9-9D9F-D8C6063AD309}
		{5D0F3763-F3BF-4478-B2D3-B47AB74205C9} = {F42C65EA-6E6A-43B9-9D9F-D8C6063AD309}
		{2C13056C-D56D-4302-A983-14AF3FFA565C} = {F42C65EA-6E6A-43B9-9D9F-D8C6063AD309}
	EndGlobalSection
	GlobalSection(ExtensibilityGlobals) = postSolution
		SolutionGuid = {66F0EE99-4E63-43F2-9504-0CFC104E7084}
	EndGlobalSection
EndGlobal
