Microsoft Visual Studio Solution File, Format Version 12.00
# Visual Studio Version 17
VisualStudioVersion = 17.2.32210.308
MinimumVisualStudioVersion = 15.0.26124.0
Project("{2150E333-8FDC-42A3-9474-1A3956D46DE8}") = "Source", "Source", "{7FFB3551-06FE-4D8D-BD66-B1CEE2A5F854}"
EndProject
Project("{2150E333-8FDC-42A3-9474-1A3956D46DE8}") = "Platforms", "Platforms", "{00A308A3-967B-4E78-BECC-15B1FC1FDB21}"
EndProject
Project("{9A19103F-16F7-4668-BE54-9A1E7A4F7556}") = "Uno.Themes.WinUI.Samples", "Uno.Themes.WinUI.Samples\Uno.Themes.WinUI.Samples.csproj", "{B754F8F6-66E6-48B7-A016-E94763C72FA7}"
EndProject
Project("{9A19103F-16F7-4668-BE54-9A1E7A4F7556}") = "Uno.Themes.WinUI.Samples.Base", "Uno.Themes.WinUI.Samples.Base\Uno.Themes.WinUI.Samples.Base.csproj", "{2189102C-8698-4760-A2C5-ADED686F84E2}"
EndProject
Project("{9A19103F-16F7-4668-BE54-9A1E7A4F7556}") = "Uno.Themes.WinUI.Samples.Mobile", "Uno.Themes.WinUI.Samples.Mobile\Uno.Themes.WinUI.Samples.Mobile.csproj", "{60DC3AE0-AAB2-4D39-AC9A-EEF789339291}"
EndProject
Project("{9A19103F-16F7-4668-BE54-9A1E7A4F7556}") = "Uno.Themes.WinUI.Samples.Wasm", "Uno.Themes.WinUI.Samples.Wasm\Uno.Themes.WinUI.Samples.Wasm.csproj", "{E12A82B0-0961-413E-9A11-A474453DD764}"
EndProject
Project("{9A19103F-16F7-4668-BE54-9A1E7A4F7556}") = "Uno.Themes.WinUI.Samples.Skia.Gtk", "Uno.Themes.WinUI.Samples.Skia.Gtk\Uno.Themes.WinUI.Samples.Skia.Gtk.csproj", "{A5D36BB9-DEE9-46BC-85BF-750AFCF9BAF3}"
EndProject
Project("{9A19103F-16F7-4668-BE54-9A1E7A4F7556}") = "Uno.Themes.WinUI.Samples.Windows", "Uno.Themes.WinUI.Samples.Windows\Uno.Themes.WinUI.Samples.Windows.csproj", "{BAD2D14C-43B9-4506-AE99-8924A7377A9C}"
EndProject
Project("{2150E333-8FDC-42A3-9474-1A3956D46DE8}") = "Solution Items", "Solution Items", "{BADA71DC-7FFD-4EDC-9F28-FB74AEADC713}"
	ProjectSection(SolutionItems) = preProject
		.gitignore = .gitignore
		Directory.Build.props = Directory.Build.props
		Directory.Build.targets = Directory.Build.targets
		Directory.Packages.props = Directory.Packages.props
		solution-config.props = solution-config.props
	EndProjectSection
EndProject
Global
	GlobalSection(SolutionConfigurationPlatforms) = preSolution
		Debug|Any CPU = Debug|Any CPU
		Debug|ARM = Debug|ARM
		Debug|ARM64 = Debug|ARM64
		Debug|iPhone = Debug|iPhone
		Debug|iPhoneSimulator = Debug|iPhoneSimulator
		Debug|x64 = Debug|x64
		Debug|x86 = Debug|x86
		Release|Any CPU = Release|Any CPU
		Release|ARM = Release|ARM
		Release|ARM64 = Release|ARM64
		Release|iPhone = Release|iPhone
		Release|iPhoneSimulator = Release|iPhoneSimulator
		Release|x64 = Release|x64
		Release|x86 = Release|x86
	EndGlobalSection
	GlobalSection(ProjectConfigurationPlatforms) = postSolution
		{B754F8F6-66E6-48B7-A016-E94763C72FA7}.Debug|Any CPU.ActiveCfg = Debug|Any CPU
		{B754F8F6-66E6-48B7-A016-E94763C72FA7}.Debug|Any CPU.Build.0 = Debug|Any CPU
		{B754F8F6-66E6-48B7-A016-E94763C72FA7}.Debug|ARM.ActiveCfg = Debug|Any CPU
		{B754F8F6-66E6-48B7-A016-E94763C72FA7}.Debug|ARM.Build.0 = Debug|Any CPU
		{B754F8F6-66E6-48B7-A016-E94763C72FA7}.Debug|ARM64.ActiveCfg = Debug|Any CPU
		{B754F8F6-66E6-48B7-A016-E94763C72FA7}.Debug|ARM64.Build.0 = Debug|Any CPU
		{B754F8F6-66E6-48B7-A016-E94763C72FA7}.Debug|iPhone.ActiveCfg = Debug|Any CPU
		{B754F8F6-66E6-48B7-A016-E94763C72FA7}.Debug|iPhone.Build.0 = Debug|Any CPU
		{B754F8F6-66E6-48B7-A016-E94763C72FA7}.Debug|iPhoneSimulator.ActiveCfg = Debug|Any CPU
		{B754F8F6-66E6-48B7-A016-E94763C72FA7}.Debug|iPhoneSimulator.Build.0 = Debug|Any CPU
		{B754F8F6-66E6-48B7-A016-E94763C72FA7}.Debug|x64.ActiveCfg = Debug|Any CPU
		{B754F8F6-66E6-48B7-A016-E94763C72FA7}.Debug|x64.Build.0 = Debug|Any CPU
		{B754F8F6-66E6-48B7-A016-E94763C72FA7}.Debug|x86.ActiveCfg = Debug|Any CPU
		{B754F8F6-66E6-48B7-A016-E94763C72FA7}.Debug|x86.Build.0 = Debug|Any CPU
		{B754F8F6-66E6-48B7-A016-E94763C72FA7}.Release|Any CPU.ActiveCfg = Release|Any CPU
		{B754F8F6-66E6-48B7-A016-E94763C72FA7}.Release|Any CPU.Build.0 = Release|Any CPU
		{B754F8F6-66E6-48B7-A016-E94763C72FA7}.Release|ARM.ActiveCfg = Release|Any CPU
		{B754F8F6-66E6-48B7-A016-E94763C72FA7}.Release|ARM.Build.0 = Release|Any CPU
		{B754F8F6-66E6-48B7-A016-E94763C72FA7}.Release|ARM64.ActiveCfg = Release|Any CPU
		{B754F8F6-66E6-48B7-A016-E94763C72FA7}.Release|ARM64.Build.0 = Release|Any CPU
		{B754F8F6-66E6-48B7-A016-E94763C72FA7}.Release|iPhone.ActiveCfg = Release|Any CPU
		{B754F8F6-66E6-48B7-A016-E94763C72FA7}.Release|iPhone.Build.0 = Release|Any CPU
		{B754F8F6-66E6-48B7-A016-E94763C72FA7}.Release|iPhoneSimulator.ActiveCfg = Release|Any CPU
		{B754F8F6-66E6-48B7-A016-E94763C72FA7}.Release|iPhoneSimulator.Build.0 = Release|Any CPU
		{B754F8F6-66E6-48B7-A016-E94763C72FA7}.Release|x64.ActiveCfg = Release|Any CPU
		{B754F8F6-66E6-48B7-A016-E94763C72FA7}.Release|x64.Build.0 = Release|Any CPU
		{B754F8F6-66E6-48B7-A016-E94763C72FA7}.Release|x86.ActiveCfg = Release|Any CPU
		{B754F8F6-66E6-48B7-A016-E94763C72FA7}.Release|x86.Build.0 = Release|Any CPU
		{2189102C-8698-4760-A2C5-ADED686F84E2}.Debug|Any CPU.ActiveCfg = Debug|Any CPU
		{2189102C-8698-4760-A2C5-ADED686F84E2}.Debug|Any CPU.Build.0 = Debug|Any CPU
		{2189102C-8698-4760-A2C5-ADED686F84E2}.Debug|ARM.ActiveCfg = Debug|Any CPU
		{2189102C-8698-4760-A2C5-ADED686F84E2}.Debug|ARM.Build.0 = Debug|Any CPU
		{2189102C-8698-4760-A2C5-ADED686F84E2}.Debug|ARM64.ActiveCfg = Debug|Any CPU
		{2189102C-8698-4760-A2C5-ADED686F84E2}.Debug|ARM64.Build.0 = Debug|Any CPU
		{2189102C-8698-4760-A2C5-ADED686F84E2}.Debug|iPhone.ActiveCfg = Debug|Any CPU
		{2189102C-8698-4760-A2C5-ADED686F84E2}.Debug|iPhone.Build.0 = Debug|Any CPU
		{2189102C-8698-4760-A2C5-ADED686F84E2}.Debug|iPhoneSimulator.ActiveCfg = Debug|Any CPU
		{2189102C-8698-4760-A2C5-ADED686F84E2}.Debug|iPhoneSimulator.Build.0 = Debug|Any CPU
		{2189102C-8698-4760-A2C5-ADED686F84E2}.Debug|x64.ActiveCfg = Debug|Any CPU
		{2189102C-8698-4760-A2C5-ADED686F84E2}.Debug|x64.Build.0 = Debug|Any CPU
		{2189102C-8698-4760-A2C5-ADED686F84E2}.Debug|x86.ActiveCfg = Debug|Any CPU
		{2189102C-8698-4760-A2C5-ADED686F84E2}.Debug|x86.Build.0 = Debug|Any CPU
		{2189102C-8698-4760-A2C5-ADED686F84E2}.Release|Any CPU.ActiveCfg = Release|Any CPU
		{2189102C-8698-4760-A2C5-ADED686F84E2}.Release|Any CPU.Build.0 = Release|Any CPU
		{2189102C-8698-4760-A2C5-ADED686F84E2}.Release|ARM.ActiveCfg = Release|Any CPU
		{2189102C-8698-4760-A2C5-ADED686F84E2}.Release|ARM.Build.0 = Release|Any CPU
		{2189102C-8698-4760-A2C5-ADED686F84E2}.Release|ARM64.ActiveCfg = Release|Any CPU
		{2189102C-8698-4760-A2C5-ADED686F84E2}.Release|ARM64.Build.0 = Release|Any CPU
		{2189102C-8698-4760-A2C5-ADED686F84E2}.Release|iPhone.ActiveCfg = Release|Any CPU
		{2189102C-8698-4760-A2C5-ADED686F84E2}.Release|iPhone.Build.0 = Release|Any CPU
		{2189102C-8698-4760-A2C5-ADED686F84E2}.Release|iPhoneSimulator.ActiveCfg = Release|Any CPU
		{2189102C-8698-4760-A2C5-ADED686F84E2}.Release|iPhoneSimulator.Build.0 = Release|Any CPU
		{2189102C-8698-4760-A2C5-ADED686F84E2}.Release|x64.ActiveCfg = Release|Any CPU
		{2189102C-8698-4760-A2C5-ADED686F84E2}.Release|x64.Build.0 = Release|Any CPU
		{2189102C-8698-4760-A2C5-ADED686F84E2}.Release|x86.ActiveCfg = Release|Any CPU
		{2189102C-8698-4760-A2C5-ADED686F84E2}.Release|x86.Build.0 = Release|Any CPU
		{60DC3AE0-AAB2-4D39-AC9A-EEF789339291}.Debug|Any CPU.ActiveCfg = Debug|Any CPU
		{60DC3AE0-AAB2-4D39-AC9A-EEF789339291}.Debug|Any CPU.Build.0 = Debug|Any CPU
		{60DC3AE0-AAB2-4D39-AC9A-EEF789339291}.Debug|Any CPU.Deploy.0 = Debug|Any CPU
		{60DC3AE0-AAB2-4D39-AC9A-EEF789339291}.Debug|ARM.ActiveCfg = Debug|Any CPU
		{60DC3AE0-AAB2-4D39-AC9A-EEF789339291}.Debug|ARM.Build.0 = Debug|Any CPU
		{60DC3AE0-AAB2-4D39-AC9A-EEF789339291}.Debug|ARM.Deploy.0 = Debug|Any CPU
		{60DC3AE0-AAB2-4D39-AC9A-EEF789339291}.Debug|ARM64.ActiveCfg = Debug|Any CPU
		{60DC3AE0-AAB2-4D39-AC9A-EEF789339291}.Debug|ARM64.Build.0 = Debug|Any CPU
		{60DC3AE0-AAB2-4D39-AC9A-EEF789339291}.Debug|ARM64.Deploy.0 = Debug|Any CPU
		{60DC3AE0-AAB2-4D39-AC9A-EEF789339291}.Debug|iPhone.ActiveCfg = Debug|Any CPU
		{60DC3AE0-AAB2-4D39-AC9A-EEF789339291}.Debug|iPhone.Build.0 = Debug|Any CPU
		{60DC3AE0-AAB2-4D39-AC9A-EEF789339291}.Debug|iPhone.Deploy.0 = Debug|Any CPU
		{60DC3AE0-AAB2-4D39-AC9A-EEF789339291}.Debug|iPhoneSimulator.ActiveCfg = Debug|Any CPU
		{60DC3AE0-AAB2-4D39-AC9A-EEF789339291}.Debug|iPhoneSimulator.Build.0 = Debug|Any CPU
		{60DC3AE0-AAB2-4D39-AC9A-EEF789339291}.Debug|iPhoneSimulator.Deploy.0 = Debug|Any CPU
		{60DC3AE0-AAB2-4D39-AC9A-EEF789339291}.Debug|x64.ActiveCfg = Debug|Any CPU
		{60DC3AE0-AAB2-4D39-AC9A-EEF789339291}.Debug|x64.Build.0 = Debug|Any CPU
		{60DC3AE0-AAB2-4D39-AC9A-EEF789339291}.Debug|x64.Deploy.0 = Debug|Any CPU
		{60DC3AE0-AAB2-4D39-AC9A-EEF789339291}.Debug|x86.ActiveCfg = Debug|Any CPU
		{60DC3AE0-AAB2-4D39-AC9A-EEF789339291}.Debug|x86.Build.0 = Debug|Any CPU
		{60DC3AE0-AAB2-4D39-AC9A-EEF789339291}.Debug|x86.Deploy.0 = Debug|Any CPU
		{60DC3AE0-AAB2-4D39-AC9A-EEF789339291}.Release|Any CPU.ActiveCfg = Release|Any CPU
		{60DC3AE0-AAB2-4D39-AC9A-EEF789339291}.Release|Any CPU.Build.0 = Release|Any CPU
		{60DC3AE0-AAB2-4D39-AC9A-EEF789339291}.Release|Any CPU.Deploy.0 = Release|Any CPU
		{60DC3AE0-AAB2-4D39-AC9A-EEF789339291}.Release|ARM.ActiveCfg = Release|Any CPU
		{60DC3AE0-AAB2-4D39-AC9A-EEF789339291}.Release|ARM.Build.0 = Release|Any CPU
		{60DC3AE0-AAB2-4D39-AC9A-EEF789339291}.Release|ARM.Deploy.0 = Release|Any CPU
		{60DC3AE0-AAB2-4D39-AC9A-EEF789339291}.Release|ARM64.ActiveCfg = Release|Any CPU
		{60DC3AE0-AAB2-4D39-AC9A-EEF789339291}.Release|ARM64.Build.0 = Release|Any CPU
		{60DC3AE0-AAB2-4D39-AC9A-EEF789339291}.Release|ARM64.Deploy.0 = Release|Any CPU
		{60DC3AE0-AAB2-4D39-AC9A-EEF789339291}.Release|iPhone.ActiveCfg = Release|Any CPU
		{60DC3AE0-AAB2-4D39-AC9A-EEF789339291}.Release|iPhone.Build.0 = Release|Any CPU
		{60DC3AE0-AAB2-4D39-AC9A-EEF789339291}.Release|iPhone.Deploy.0 = Release|Any CPU
		{60DC3AE0-AAB2-4D39-AC9A-EEF789339291}.Release|iPhoneSimulator.ActiveCfg = Release|Any CPU
		{60DC3AE0-AAB2-4D39-AC9A-EEF789339291}.Release|iPhoneSimulator.Build.0 = Release|Any CPU
		{60DC3AE0-AAB2-4D39-AC9A-EEF789339291}.Release|iPhoneSimulator.Deploy.0 = Release|Any CPU
		{60DC3AE0-AAB2-4D39-AC9A-EEF789339291}.Release|x64.ActiveCfg = Release|Any CPU
		{60DC3AE0-AAB2-4D39-AC9A-EEF789339291}.Release|x64.Build.0 = Release|Any CPU
		{60DC3AE0-AAB2-4D39-AC9A-EEF789339291}.Release|x64.Deploy.0 = Release|Any CPU
		{60DC3AE0-AAB2-4D39-AC9A-EEF789339291}.Release|x86.ActiveCfg = Release|Any CPU
		{60DC3AE0-AAB2-4D39-AC9A-EEF789339291}.Release|x86.Build.0 = Release|Any CPU
		{60DC3AE0-AAB2-4D39-AC9A-EEF789339291}.Release|x86.Deploy.0 = Release|Any CPU
		{E12A82B0-0961-413E-9A11-A474453DD764}.Debug|Any CPU.ActiveCfg = Debug|Any CPU
		{E12A82B0-0961-413E-9A11-A474453DD764}.Debug|Any CPU.Build.0 = Debug|Any CPU
		{E12A82B0-0961-413E-9A11-A474453DD764}.Debug|ARM.ActiveCfg = Debug|Any CPU
		{E12A82B0-0961-413E-9A11-A474453DD764}.Debug|ARM.Build.0 = Debug|Any CPU
		{E12A82B0-0961-413E-9A11-A474453DD764}.Debug|ARM64.ActiveCfg = Debug|Any CPU
		{E12A82B0-0961-413E-9A11-A474453DD764}.Debug|ARM64.Build.0 = Debug|Any CPU
		{E12A82B0-0961-413E-9A11-A474453DD764}.Debug|iPhone.ActiveCfg = Debug|Any CPU
		{E12A82B0-0961-413E-9A11-A474453DD764}.Debug|iPhone.Build.0 = Debug|Any CPU
		{E12A82B0-0961-413E-9A11-A474453DD764}.Debug|iPhoneSimulator.ActiveCfg = Debug|Any CPU
		{E12A82B0-0961-413E-9A11-A474453DD764}.Debug|iPhoneSimulator.Build.0 = Debug|Any CPU
		{E12A82B0-0961-413E-9A11-A474453DD764}.Debug|x64.ActiveCfg = Debug|Any CPU
		{E12A82B0-0961-413E-9A11-A474453DD764}.Debug|x64.Build.0 = Debug|Any CPU
		{E12A82B0-0961-413E-9A11-A474453DD764}.Debug|x86.ActiveCfg = Debug|Any CPU
		{E12A82B0-0961-413E-9A11-A474453DD764}.Debug|x86.Build.0 = Debug|Any CPU
		{E12A82B0-0961-413E-9A11-A474453DD764}.Release|Any CPU.ActiveCfg = Release|Any CPU
		{E12A82B0-0961-413E-9A11-A474453DD764}.Release|Any CPU.Build.0 = Release|Any CPU
		{E12A82B0-0961-413E-9A11-A474453DD764}.Release|ARM.ActiveCfg = Release|Any CPU
		{E12A82B0-0961-413E-9A11-A474453DD764}.Release|ARM.Build.0 = Release|Any CPU
		{E12A82B0-0961-413E-9A11-A474453DD764}.Release|ARM64.ActiveCfg = Release|Any CPU
		{E12A82B0-0961-413E-9A11-A474453DD764}.Release|ARM64.Build.0 = Release|Any CPU
		{E12A82B0-0961-413E-9A11-A474453DD764}.Release|iPhone.ActiveCfg = Release|Any CPU
		{E12A82B0-0961-413E-9A11-A474453DD764}.Release|iPhone.Build.0 = Release|Any CPU
		{E12A82B0-0961-413E-9A11-A474453DD764}.Release|iPhoneSimulator.ActiveCfg = Release|Any CPU
		{E12A82B0-0961-413E-9A11-A474453DD764}.Release|iPhoneSimulator.Build.0 = Release|Any CPU
		{E12A82B0-0961-413E-9A11-A474453DD764}.Release|x64.ActiveCfg = Release|Any CPU
		{E12A82B0-0961-413E-9A11-A474453DD764}.Release|x64.Build.0 = Release|Any CPU
		{E12A82B0-0961-413E-9A11-A474453DD764}.Release|x86.ActiveCfg = Release|Any CPU
		{E12A82B0-0961-413E-9A11-A474453DD764}.Release|x86.Build.0 = Release|Any CPU
		{A5D36BB9-DEE9-46BC-85BF-750AFCF9BAF3}.Debug|Any CPU.ActiveCfg = Debug|Any CPU
		{A5D36BB9-DEE9-46BC-85BF-750AFCF9BAF3}.Debug|Any CPU.Build.0 = Debug|Any CPU
		{A5D36BB9-DEE9-46BC-85BF-750AFCF9BAF3}.Debug|ARM.ActiveCfg = Debug|Any CPU
		{A5D36BB9-DEE9-46BC-85BF-750AFCF9BAF3}.Debug|ARM.Build.0 = Debug|Any CPU
		{A5D36BB9-DEE9-46BC-85BF-750AFCF9BAF3}.Debug|ARM64.ActiveCfg = Debug|Any CPU
		{A5D36BB9-DEE9-46BC-85BF-750AFCF9BAF3}.Debug|ARM64.Build.0 = Debug|Any CPU
		{A5D36BB9-DEE9-46BC-85BF-750AFCF9BAF3}.Debug|iPhone.ActiveCfg = Debug|Any CPU
		{A5D36BB9-DEE9-46BC-85BF-750AFCF9BAF3}.Debug|iPhone.Build.0 = Debug|Any CPU
		{A5D36BB9-DEE9-46BC-85BF-750AFCF9BAF3}.Debug|iPhoneSimulator.ActiveCfg = Debug|Any CPU
		{A5D36BB9-DEE9-46BC-85BF-750AFCF9BAF3}.Debug|iPhoneSimulator.Build.0 = Debug|Any CPU
		{A5D36BB9-DEE9-46BC-85BF-750AFCF9BAF3}.Debug|x64.ActiveCfg = Debug|Any CPU
		{A5D36BB9-DEE9-46BC-85BF-750AFCF9BAF3}.Debug|x64.Build.0 = Debug|Any CPU
		{A5D36BB9-DEE9-46BC-85BF-750AFCF9BAF3}.Debug|x86.ActiveCfg = Debug|Any CPU
		{A5D36BB9-DEE9-46BC-85BF-750AFCF9BAF3}.Debug|x86.Build.0 = Debug|Any CPU
		{A5D36BB9-DEE9-46BC-85BF-750AFCF9BAF3}.Release|Any CPU.ActiveCfg = Release|Any CPU
		{A5D36BB9-DEE9-46BC-85BF-750AFCF9BAF3}.Release|Any CPU.Build.0 = Release|Any CPU
		{A5D36BB9-DEE9-46BC-85BF-750AFCF9BAF3}.Release|ARM.ActiveCfg = Release|Any CPU
		{A5D36BB9-DEE9-46BC-85BF-750AFCF9BAF3}.Release|ARM.Build.0 = Release|Any CPU
		{A5D36BB9-DEE9-46BC-85BF-750AFCF9BAF3}.Release|ARM64.ActiveCfg = Release|Any CPU
		{A5D36BB9-DEE9-46BC-85BF-750AFCF9BAF3}.Release|ARM64.Build.0 = Release|Any CPU
		{A5D36BB9-DEE9-46BC-85BF-750AFCF9BAF3}.Release|iPhone.ActiveCfg = Release|Any CPU
		{A5D36BB9-DEE9-46BC-85BF-750AFCF9BAF3}.Release|iPhone.Build.0 = Release|Any CPU
		{A5D36BB9-DEE9-46BC-85BF-750AFCF9BAF3}.Release|iPhoneSimulator.ActiveCfg = Release|Any CPU
		{A5D36BB9-DEE9-46BC-85BF-750AFCF9BAF3}.Release|iPhoneSimulator.Build.0 = Release|Any CPU
		{A5D36BB9-DEE9-46BC-85BF-750AFCF9BAF3}.Release|x64.ActiveCfg = Release|Any CPU
		{A5D36BB9-DEE9-46BC-85BF-750AFCF9BAF3}.Release|x64.Build.0 = Release|Any CPU
		{A5D36BB9-DEE9-46BC-85BF-750AFCF9BAF3}.Release|x86.ActiveCfg = Release|Any CPU
		{A5D36BB9-DEE9-46BC-85BF-750AFCF9BAF3}.Release|x86.Build.0 = Release|Any CPU
		{BAD2D14C-43B9-4506-AE99-8924A7377A9C}.Debug|Any CPU.ActiveCfg = Debug|x64
		{BAD2D14C-43B9-4506-AE99-8924A7377A9C}.Debug|Any CPU.Build.0 = Debug|x64
		{BAD2D14C-43B9-4506-AE99-8924A7377A9C}.Debug|Any CPU.Deploy.0 = Debug|x64
		{BAD2D14C-43B9-4506-AE99-8924A7377A9C}.Debug|ARM.ActiveCfg = Debug|x64
		{BAD2D14C-43B9-4506-AE99-8924A7377A9C}.Debug|ARM.Build.0 = Debug|x64
		{BAD2D14C-43B9-4506-AE99-8924A7377A9C}.Debug|ARM.Deploy.0 = Debug|x64
		{BAD2D14C-43B9-4506-AE99-8924A7377A9C}.Debug|ARM64.ActiveCfg = Debug|arm64
		{BAD2D14C-43B9-4506-AE99-8924A7377A9C}.Debug|ARM64.Build.0 = Debug|arm64
		{BAD2D14C-43B9-4506-AE99-8924A7377A9C}.Debug|ARM64.Deploy.0 = Debug|arm64
		{BAD2D14C-43B9-4506-AE99-8924A7377A9C}.Debug|iPhone.ActiveCfg = Debug|x64
		{BAD2D14C-43B9-4506-AE99-8924A7377A9C}.Debug|iPhone.Build.0 = Debug|x64
		{BAD2D14C-43B9-4506-AE99-8924A7377A9C}.Debug|iPhone.Deploy.0 = Debug|x64
		{BAD2D14C-43B9-4506-AE99-8924A7377A9C}.Debug|iPhoneSimulator.ActiveCfg = Debug|x64
		{BAD2D14C-43B9-4506-AE99-8924A7377A9C}.Debug|iPhoneSimulator.Build.0 = Debug|x64
		{BAD2D14C-43B9-4506-AE99-8924A7377A9C}.Debug|iPhoneSimulator.Deploy.0 = Debug|x64
		{BAD2D14C-43B9-4506-AE99-8924A7377A9C}.Debug|x64.ActiveCfg = Debug|x64
		{BAD2D14C-43B9-4506-AE99-8924A7377A9C}.Debug|x64.Build.0 = Debug|x64
		{BAD2D14C-43B9-4506-AE99-8924A7377A9C}.Debug|x86.ActiveCfg = Debug|x86
		{BAD2D14C-43B9-4506-AE99-8924A7377A9C}.Debug|x86.Build.0 = Debug|x86
		{BAD2D14C-43B9-4506-AE99-8924A7377A9C}.Release|Any CPU.ActiveCfg = Release|x64
		{BAD2D14C-43B9-4506-AE99-8924A7377A9C}.Release|Any CPU.Build.0 = Release|x64
		{BAD2D14C-43B9-4506-AE99-8924A7377A9C}.Release|Any CPU.Deploy.0 = Release|x64
		{BAD2D14C-43B9-4506-AE99-8924A7377A9C}.Release|ARM.ActiveCfg = Release|x64
		{BAD2D14C-43B9-4506-AE99-8924A7377A9C}.Release|ARM.Build.0 = Release|x64
		{BAD2D14C-43B9-4506-AE99-8924A7377A9C}.Release|ARM64.ActiveCfg = Release|arm64
		{BAD2D14C-43B9-4506-AE99-8924A7377A9C}.Release|ARM64.Build.0 = Release|arm64
		{BAD2D14C-43B9-4506-AE99-8924A7377A9C}.Release|iPhone.ActiveCfg = Release|x64
		{BAD2D14C-43B9-4506-AE99-8924A7377A9C}.Release|iPhone.Build.0 = Release|x64
		{BAD2D14C-43B9-4506-AE99-8924A7377A9C}.Release|iPhoneSimulator.ActiveCfg = Release|x64
		{BAD2D14C-43B9-4506-AE99-8924A7377A9C}.Release|iPhoneSimulator.Build.0 = Release|x64
		{BAD2D14C-43B9-4506-AE99-8924A7377A9C}.Release|x64.ActiveCfg = Release|x64
		{BAD2D14C-43B9-4506-AE99-8924A7377A9C}.Release|x64.Build.0 = Release|x64
		{BAD2D14C-43B9-4506-AE99-8924A7377A9C}.Release|x86.ActiveCfg = Release|x86
		{BAD2D14C-43B9-4506-AE99-8924A7377A9C}.Release|x86.Build.0 = Release|x86
	EndGlobalSection
	GlobalSection(SolutionProperties) = preSolution
		HideSolutionNode = FALSE
	EndGlobalSection
	GlobalSection(NestedProjects) = preSolution
		{00A308A3-967B-4E78-BECC-15B1FC1FDB21} = {7FFB3551-06FE-4D8D-BD66-B1CEE2A5F854}
		{B754F8F6-66E6-48B7-A016-E94763C72FA7} = {7FFB3551-06FE-4D8D-BD66-B1CEE2A5F854}
		{2189102C-8698-4760-A2C5-ADED686F84E2} = {00A308A3-967B-4E78-BECC-15B1FC1FDB21}
		{60DC3AE0-AAB2-4D39-AC9A-EEF789339291} = {00A308A3-967B-4E78-BECC-15B1FC1FDB21}
		{E12A82B0-0961-413E-9A11-A474453DD764} = {00A308A3-967B-4E78-BECC-15B1FC1FDB21}
		{A5D36BB9-DEE9-46BC-85BF-750AFCF9BAF3} = {00A308A3-967B-4E78-BECC-15B1FC1FDB21}
		{BAD2D14C-43B9-4506-AE99-8924A7377A9C} = {00A308A3-967B-4E78-BECC-15B1FC1FDB21}
	EndGlobalSection
	GlobalSection(ExtensibilityGlobals) = postSolution
		SolutionGuid = {101F7F12-E69D-427F-8671-E246E976BAD8}
	EndGlobalSection
EndGlobal
