
Microsoft Visual Studio Solution File, Format Version 12.00
# Visual Studio Version 17
VisualStudioVersion = 17.2.32210.308
MinimumVisualStudioVersion = 15.0.26124.0
Project("{9A19103F-16F7-4668-BE54-9A1E7A4F7556}") = "SamplesApp", "SamplesApp\SamplesApp.csproj", "{410A7CD7-74C4-4B20-84D3-C1970FFE4A34}"
EndProject
Project("{2150E333-8FDC-42A3-9474-1A3956D46DE8}") = "Solution Items", "Solution Items", "{BADA71DC-7FFD-4EDC-9F28-FB74AEADC713}"
	ProjectSection(SolutionItems) = preProject
		.editorconfig = .editorconfig
		.gitignore = .gitignore
		.vsconfig = .vsconfig
		Directory.Build.props = Directory.Build.props
		Directory.Build.targets = Directory.Build.targets
		Directory.Packages.props = Directory.Packages.props
		global.json = global.json
	EndProjectSection
EndProject
Project("{FAE04EC0-301F-11D3-BF4B-00C04F79EFBC}") = "Shared.Core", "Shared.Core\Shared.Core.csproj", "{23134AA4-58E2-4CD8-A05C-3503F4A657B1}"
EndProject
Project("{FAE04EC0-301F-11D3-BF4B-00C04F79EFBC}") = "MaterialSamplesApp", "MaterialSamplesApp\MaterialSamplesApp.csproj", "{43844E69-1C16-4FB8-9805-66D0A27C1188}"
EndProject
Project("{FAE04EC0-301F-11D3-BF4B-00C04F79EFBC}") = "Uno.Material.WinUI", "..\..\library\Uno.Material\Uno.Material.WinUI.csproj", "{60C6BA6E-694C-4E9B-BFDD-059FF4DF1E4B}"
EndProject
Project("{FAE04EC0-301F-11D3-BF4B-00C04F79EFBC}") = "Uno.Themes.WinUI", "..\..\library\Uno.Themes\Uno.Themes.WinUI.csproj", "{89F95F52-3603-4FEF-87F7-EA6BA62E3922}"
EndProject
Project("{FAE04EC0-301F-11D3-BF4B-00C04F79EFBC}") = "SimpleSamplesApp", "SimpleSamplesApp\SimpleSamplesApp.csproj", "{419A92E2-9578-4EB5-85F3-D24FE1CE300A}"
EndProject
Project("{FAE04EC0-301F-11D3-BF4B-00C04F79EFBC}") = "Uno.Simple.WinUI", "..\..\library\Uno.Simple.WinUI\Uno.Simple.WinUI.csproj", "{402D9779-9E7B-4A72-8671-D46709625D65}"
EndProject
Global
	GlobalSection(SolutionConfigurationPlatforms) = preSolution
		Debug|Any CPU = Debug|Any CPU
		Debug|ARM = Debug|ARM
		Debug|ARM64 = Debug|ARM64
		Debug|iPhone = Debug|iPhone
		Debug|iPhoneSimulator = Debug|iPhoneSimulator
		Debug|x64 = Debug|x64
		Debug|x86 = Debug|x86
		Release|Any CPU = Release|Any CPU
		Release|ARM = Release|ARM
		Release|ARM64 = Release|ARM64
		Release|iPhone = Release|iPhone
		Release|iPhoneSimulator = Release|iPhoneSimulator
		Release|x64 = Release|x64
		Release|x86 = Release|x86
	EndGlobalSection
	GlobalSection(ProjectConfigurationPlatforms) = postSolution
		{410A7CD7-74C4-4B20-84D3-C1970FFE4A34}.Debug|Any CPU.ActiveCfg = Debug|Any CPU
		{410A7CD7-74C4-4B20-84D3-C1970FFE4A34}.Debug|Any CPU.Build.0 = Debug|Any CPU
		{410A7CD7-74C4-4B20-84D3-C1970FFE4A34}.Debug|Any CPU.Deploy.0 = Debug|Any CPU
		{410A7CD7-74C4-4B20-84D3-C1970FFE4A34}.Debug|ARM.ActiveCfg = Debug|Any CPU
		{410A7CD7-74C4-4B20-84D3-C1970FFE4A34}.Debug|ARM.Build.0 = Debug|Any CPU
		{410A7CD7-74C4-4B20-84D3-C1970FFE4A34}.Debug|ARM.Deploy.0 = Debug|Any CPU
		{410A7CD7-74C4-4B20-84D3-C1970FFE4A34}.Debug|ARM64.ActiveCfg = Debug|Any CPU
		{410A7CD7-74C4-4B20-84D3-C1970FFE4A34}.Debug|ARM64.Build.0 = Debug|Any CPU
		{410A7CD7-74C4-4B20-84D3-C1970FFE4A34}.Debug|ARM64.Deploy.0 = Debug|Any CPU
		{410A7CD7-74C4-4B20-84D3-C1970FFE4A34}.Debug|iPhone.ActiveCfg = Debug|Any CPU
		{410A7CD7-74C4-4B20-84D3-C1970FFE4A34}.Debug|iPhone.Build.0 = Debug|Any CPU
		{410A7CD7-74C4-4B20-84D3-C1970FFE4A34}.Debug|iPhone.Deploy.0 = Debug|Any CPU
		{410A7CD7-74C4-4B20-84D3-C1970FFE4A34}.Debug|iPhoneSimulator.ActiveCfg = Debug|Any CPU
		{410A7CD7-74C4-4B20-84D3-C1970FFE4A34}.Debug|iPhoneSimulator.Build.0 = Debug|Any CPU
		{410A7CD7-74C4-4B20-84D3-C1970FFE4A34}.Debug|iPhoneSimulator.Deploy.0 = Debug|Any CPU
		{410A7CD7-74C4-4B20-84D3-C1970FFE4A34}.Debug|x64.ActiveCfg = Debug|Any CPU
		{410A7CD7-74C4-4B20-84D3-C1970FFE4A34}.Debug|x64.Build.0 = Debug|Any CPU
		{410A7CD7-74C4-4B20-84D3-C1970FFE4A34}.Debug|x64.Deploy.0 = Debug|Any CPU
		{410A7CD7-74C4-4B20-84D3-C1970FFE4A34}.Debug|x86.ActiveCfg = Debug|Any CPU
		{410A7CD7-74C4-4B20-84D3-C1970FFE4A34}.Debug|x86.Build.0 = Debug|Any CPU
		{410A7CD7-74C4-4B20-84D3-C1970FFE4A34}.Debug|x86.Deploy.0 = Debug|Any CPU
		{410A7CD7-74C4-4B20-84D3-C1970FFE4A34}.Release|Any CPU.ActiveCfg = Release|Any CPU
		{410A7CD7-74C4-4B20-84D3-C1970FFE4A34}.Release|Any CPU.Build.0 = Release|Any CPU
		{410A7CD7-74C4-4B20-84D3-C1970FFE4A34}.Release|Any CPU.Deploy.0 = Release|Any CPU
		{410A7CD7-74C4-4B20-84D3-C1970FFE4A34}.Release|ARM.ActiveCfg = Release|Any CPU
		{410A7CD7-74C4-4B20-84D3-C1970FFE4A34}.Release|ARM.Build.0 = Release|Any CPU
		{410A7CD7-74C4-4B20-84D3-C1970FFE4A34}.Release|ARM.Deploy.0 = Release|Any CPU
		{410A7CD7-74C4-4B20-84D3-C1970FFE4A34}.Release|ARM64.ActiveCfg = Release|Any CPU
		{410A7CD7-74C4-4B20-84D3-C1970FFE4A34}.Release|ARM64.Build.0 = Release|Any CPU
		{410A7CD7-74C4-4B20-84D3-C1970FFE4A34}.Release|ARM64.Deploy.0 = Release|Any CPU
		{410A7CD7-74C4-4B20-84D3-C1970FFE4A34}.Release|iPhone.ActiveCfg = Release|Any CPU
		{410A7CD7-74C4-4B20-84D3-C1970FFE4A34}.Release|iPhone.Build.0 = Release|Any CPU
		{410A7CD7-74C4-4B20-84D3-C1970FFE4A34}.Release|iPhone.Deploy.0 = Release|Any CPU
		{410A7CD7-74C4-4B20-84D3-C1970FFE4A34}.Release|iPhoneSimulator.ActiveCfg = Release|Any CPU
		{410A7CD7-74C4-4B20-84D3-C1970FFE4A34}.Release|iPhoneSimulator.Build.0 = Release|Any CPU
		{410A7CD7-74C4-4B20-84D3-C1970FFE4A34}.Release|iPhoneSimulator.Deploy.0 = Release|Any CPU
		{410A7CD7-74C4-4B20-84D3-C1970FFE4A34}.Release|x64.ActiveCfg = Release|Any CPU
		{410A7CD7-74C4-4B20-84D3-C1970FFE4A34}.Release|x64.Build.0 = Release|Any CPU
		{410A7CD7-74C4-4B20-84D3-C1970FFE4A34}.Release|x64.Deploy.0 = Release|Any CPU
		{410A7CD7-74C4-4B20-84D3-C1970FFE4A34}.Release|x86.ActiveCfg = Release|Any CPU
		{410A7CD7-74C4-4B20-84D3-C1970FFE4A34}.Release|x86.Build.0 = Release|Any CPU
		{410A7CD7-74C4-4B20-84D3-C1970FFE4A34}.Release|x86.Deploy.0 = Release|Any CPU
		{23134AA4-58E2-4CD8-A05C-3503F4A657B1}.Debug|Any CPU.ActiveCfg = Debug|Any CPU
		{23134AA4-58E2-4CD8-A05C-3503F4A657B1}.Debug|Any CPU.Build.0 = Debug|Any CPU
		{23134AA4-58E2-4CD8-A05C-3503F4A657B1}.Debug|ARM.ActiveCfg = Debug|Any CPU
		{23134AA4-58E2-4CD8-A05C-3503F4A657B1}.Debug|ARM.Build.0 = Debug|Any CPU
		{23134AA4-58E2-4CD8-A05C-3503F4A657B1}.Debug|ARM64.ActiveCfg = Debug|Any CPU
		{23134AA4-58E2-4CD8-A05C-3503F4A657B1}.Debug|ARM64.Build.0 = Debug|Any CPU
		{23134AA4-58E2-4CD8-A05C-3503F4A657B1}.Debug|iPhone.ActiveCfg = Debug|Any CPU
		{23134AA4-58E2-4CD8-A05C-3503F4A657B1}.Debug|iPhone.Build.0 = Debug|Any CPU
		{23134AA4-58E2-4CD8-A05C-3503F4A657B1}.Debug|iPhoneSimulator.ActiveCfg = Debug|Any CPU
		{23134AA4-58E2-4CD8-A05C-3503F4A657B1}.Debug|iPhoneSimulator.Build.0 = Debug|Any CPU
		{23134AA4-58E2-4CD8-A05C-3503F4A657B1}.Debug|x64.ActiveCfg = Debug|Any CPU
		{23134AA4-58E2-4CD8-A05C-3503F4A657B1}.Debug|x64.Build.0 = Debug|Any CPU
		{23134AA4-58E2-4CD8-A05C-3503F4A657B1}.Debug|x86.ActiveCfg = Debug|Any CPU
		{23134AA4-58E2-4CD8-A05C-3503F4A657B1}.Debug|x86.Build.0 = Debug|Any CPU
		{23134AA4-58E2-4CD8-A05C-3503F4A657B1}.Release|Any CPU.ActiveCfg = Release|Any CPU
		{23134AA4-58E2-4CD8-A05C-3503F4A657B1}.Release|Any CPU.Build.0 = Release|Any CPU
		{23134AA4-58E2-4CD8-A05C-3503F4A657B1}.Release|ARM.ActiveCfg = Release|Any CPU
		{23134AA4-58E2-4CD8-A05C-3503F4A657B1}.Release|ARM.Build.0 = Release|Any CPU
		{23134AA4-58E2-4CD8-A05C-3503F4A657B1}.Release|ARM64.ActiveCfg = Release|Any CPU
		{23134AA4-58E2-4CD8-A05C-3503F4A657B1}.Release|ARM64.Build.0 = Release|Any CPU
		{23134AA4-58E2-4CD8-A05C-3503F4A657B1}.Release|iPhone.ActiveCfg = Release|Any CPU
		{23134AA4-58E2-4CD8-A05C-3503F4A657B1}.Release|iPhone.Build.0 = Release|Any CPU
		{23134AA4-58E2-4CD8-A05C-3503F4A657B1}.Release|iPhoneSimulator.ActiveCfg = Release|Any CPU
		{23134AA4-58E2-4CD8-A05C-3503F4A657B1}.Release|iPhoneSimulator.Build.0 = Release|Any CPU
		{23134AA4-58E2-4CD8-A05C-3503F4A657B1}.Release|x64.ActiveCfg = Release|Any CPU
		{23134AA4-58E2-4CD8-A05C-3503F4A657B1}.Release|x64.Build.0 = Release|Any CPU
		{23134AA4-58E2-4CD8-A05C-3503F4A657B1}.Release|x86.ActiveCfg = Release|Any CPU
		{23134AA4-58E2-4CD8-A05C-3503F4A657B1}.Release|x86.Build.0 = Release|Any CPU
		{43844E69-1C16-4FB8-9805-66D0A27C1188}.Debug|Any CPU.ActiveCfg = Debug|Any CPU
		{43844E69-1C16-4FB8-9805-66D0A27C1188}.Debug|Any CPU.Build.0 = Debug|Any CPU
		{43844E69-1C16-4FB8-9805-66D0A27C1188}.Debug|ARM.ActiveCfg = Debug|Any CPU
		{43844E69-1C16-4FB8-9805-66D0A27C1188}.Debug|ARM.Build.0 = Debug|Any CPU
		{43844E69-1C16-4FB8-9805-66D0A27C1188}.Debug|ARM64.ActiveCfg = Debug|Any CPU
		{43844E69-1C16-4FB8-9805-66D0A27C1188}.Debug|ARM64.Build.0 = Debug|Any CPU
		{43844E69-1C16-4FB8-9805-66D0A27C1188}.Debug|iPhone.ActiveCfg = Debug|Any CPU
		{43844E69-1C16-4FB8-9805-66D0A27C1188}.Debug|iPhone.Build.0 = Debug|Any CPU
		{43844E69-1C16-4FB8-9805-66D0A27C1188}.Debug|iPhoneSimulator.ActiveCfg = Debug|Any CPU
		{43844E69-1C16-4FB8-9805-66D0A27C1188}.Debug|iPhoneSimulator.Build.0 = Debug|Any CPU
		{43844E69-1C16-4FB8-9805-66D0A27C1188}.Debug|x64.ActiveCfg = Debug|Any CPU
		{43844E69-1C16-4FB8-9805-66D0A27C1188}.Debug|x64.Build.0 = Debug|Any CPU
		{43844E69-1C16-4FB8-9805-66D0A27C1188}.Debug|x86.ActiveCfg = Debug|Any CPU
		{43844E69-1C16-4FB8-9805-66D0A27C1188}.Debug|x86.Build.0 = Debug|Any CPU
		{43844E69-1C16-4FB8-9805-66D0A27C1188}.Release|Any CPU.ActiveCfg = Release|Any CPU
		{43844E69-1C16-4FB8-9805-66D0A27C1188}.Release|Any CPU.Build.0 = Release|Any CPU
		{43844E69-1C16-4FB8-9805-66D0A27C1188}.Release|ARM.ActiveCfg = Release|Any CPU
		{43844E69-1C16-4FB8-9805-66D0A27C1188}.Release|ARM.Build.0 = Release|Any CPU
		{43844E69-1C16-4FB8-9805-66D0A27C1188}.Release|ARM64.ActiveCfg = Release|Any CPU
		{43844E69-1C16-4FB8-9805-66D0A27C1188}.Release|ARM64.Build.0 = Release|Any CPU
		{43844E69-1C16-4FB8-9805-66D0A27C1188}.Release|iPhone.ActiveCfg = Release|Any CPU
		{43844E69-1C16-4FB8-9805-66D0A27C1188}.Release|iPhone.Build.0 = Release|Any CPU
		{43844E69-1C16-4FB8-9805-66D0A27C1188}.Release|iPhoneSimulator.ActiveCfg = Release|Any CPU
		{43844E69-1C16-4FB8-9805-66D0A27C1188}.Release|iPhoneSimulator.Build.0 = Release|Any CPU
		{43844E69-1C16-4FB8-9805-66D0A27C1188}.Release|x64.ActiveCfg = Release|Any CPU
		{43844E69-1C16-4FB8-9805-66D0A27C1188}.Release|x64.Build.0 = Release|Any CPU
		{43844E69-1C16-4FB8-9805-66D0A27C1188}.Release|x86.ActiveCfg = Release|Any CPU
		{43844E69-1C16-4FB8-9805-66D0A27C1188}.Release|x86.Build.0 = Release|Any CPU
		{60C6BA6E-694C-4E9B-BFDD-059FF4DF1E4B}.Debug|Any CPU.ActiveCfg = Debug|Any CPU
		{60C6BA6E-694C-4E9B-BFDD-059FF4DF1E4B}.Debug|Any CPU.Build.0 = Debug|Any CPU
		{60C6BA6E-694C-4E9B-BFDD-059FF4DF1E4B}.Debug|ARM.ActiveCfg = Debug|Any CPU
		{60C6BA6E-694C-4E9B-BFDD-059FF4DF1E4B}.Debug|ARM.Build.0 = Debug|Any CPU
		{60C6BA6E-694C-4E9B-BFDD-059FF4DF1E4B}.Debug|ARM64.ActiveCfg = Debug|Any CPU
		{60C6BA6E-694C-4E9B-BFDD-059FF4DF1E4B}.Debug|ARM64.Build.0 = Debug|Any CPU
		{60C6BA6E-694C-4E9B-BFDD-059FF4DF1E4B}.Debug|iPhone.ActiveCfg = Debug|Any CPU
		{60C6BA6E-694C-4E9B-BFDD-059FF4DF1E4B}.Debug|iPhone.Build.0 = Debug|Any CPU
		{60C6BA6E-694C-4E9B-BFDD-059FF4DF1E4B}.Debug|iPhoneSimulator.ActiveCfg = Debug|Any CPU
		{60C6BA6E-694C-4E9B-BFDD-059FF4DF1E4B}.Debug|iPhoneSimulator.Build.0 = Debug|Any CPU
		{60C6BA6E-694C-4E9B-BFDD-059FF4DF1E4B}.Debug|x64.ActiveCfg = Debug|Any CPU
		{60C6BA6E-694C-4E9B-BFDD-059FF4DF1E4B}.Debug|x64.Build.0 = Debug|Any CPU
		{60C6BA6E-694C-4E9B-BFDD-059FF4DF1E4B}.Debug|x86.ActiveCfg = Debug|Any CPU
		{60C6BA6E-694C-4E9B-BFDD-059FF4DF1E4B}.Debug|x86.Build.0 = Debug|Any CPU
		{60C6BA6E-694C-4E9B-BFDD-059FF4DF1E4B}.Release|Any CPU.ActiveCfg = Release|Any CPU
		{60C6BA6E-694C-4E9B-BFDD-059FF4DF1E4B}.Release|Any CPU.Build.0 = Release|Any CPU
		{60C6BA6E-694C-4E9B-BFDD-059FF4DF1E4B}.Release|ARM.ActiveCfg = Release|Any CPU
		{60C6BA6E-694C-4E9B-BFDD-059FF4DF1E4B}.Release|ARM.Build.0 = Release|Any CPU
		{60C6BA6E-694C-4E9B-BFDD-059FF4DF1E4B}.Release|ARM64.ActiveCfg = Release|Any CPU
		{60C6BA6E-694C-4E9B-BFDD-059FF4DF1E4B}.Release|ARM64.Build.0 = Release|Any CPU
		{60C6BA6E-694C-4E9B-BFDD-059FF4DF1E4B}.Release|iPhone.ActiveCfg = Release|Any CPU
		{60C6BA6E-694C-4E9B-BFDD-059FF4DF1E4B}.Release|iPhone.Build.0 = Release|Any CPU
		{60C6BA6E-694C-4E9B-BFDD-059FF4DF1E4B}.Release|iPhoneSimulator.ActiveCfg = Release|Any CPU
		{60C6BA6E-694C-4E9B-BFDD-059FF4DF1E4B}.Release|iPhoneSimulator.Build.0 = Release|Any CPU
		{60C6BA6E-694C-4E9B-BFDD-059FF4DF1E4B}.Release|x64.ActiveCfg = Release|Any CPU
		{60C6BA6E-694C-4E9B-BFDD-059FF4DF1E4B}.Release|x64.Build.0 = Release|Any CPU
		{60C6BA6E-694C-4E9B-BFDD-059FF4DF1E4B}.Release|x86.ActiveCfg = Release|Any CPU
		{60C6BA6E-694C-4E9B-BFDD-059FF4DF1E4B}.Release|x86.Build.0 = Release|Any CPU
		{89F95F52-3603-4FEF-87F7-EA6BA62E3922}.Debug|Any CPU.ActiveCfg = Debug|Any CPU
		{89F95F52-3603-4FEF-87F7-EA6BA62E3922}.Debug|Any CPU.Build.0 = Debug|Any CPU
		{89F95F52-3603-4FEF-87F7-EA6BA62E3922}.Debug|ARM.ActiveCfg = Debug|Any CPU
		{89F95F52-3603-4FEF-87F7-EA6BA62E3922}.Debug|ARM.Build.0 = Debug|Any CPU
		{89F95F52-3603-4FEF-87F7-EA6BA62E3922}.Debug|ARM64.ActiveCfg = Debug|Any CPU
		{89F95F52-3603-4FEF-87F7-EA6BA62E3922}.Debug|ARM64.Build.0 = Debug|Any CPU
		{89F95F52-3603-4FEF-87F7-EA6BA62E3922}.Debug|iPhone.ActiveCfg = Debug|Any CPU
		{89F95F52-3603-4FEF-87F7-EA6BA62E3922}.Debug|iPhone.Build.0 = Debug|Any CPU
		{89F95F52-3603-4FEF-87F7-EA6BA62E3922}.Debug|iPhoneSimulator.ActiveCfg = Debug|Any CPU
		{89F95F52-3603-4FEF-87F7-EA6BA62E3922}.Debug|iPhoneSimulator.Build.0 = Debug|Any CPU
		{89F95F52-3603-4FEF-87F7-EA6BA62E3922}.Debug|x64.ActiveCfg = Debug|Any CPU
		{89F95F52-3603-4FEF-87F7-EA6BA62E3922}.Debug|x64.Build.0 = Debug|Any CPU
		{89F95F52-3603-4FEF-87F7-EA6BA62E3922}.Debug|x86.ActiveCfg = Debug|Any CPU
		{89F95F52-3603-4FEF-87F7-EA6BA62E3922}.Debug|x86.Build.0 = Debug|Any CPU
		{89F95F52-3603-4FEF-87F7-EA6BA62E3922}.Release|Any CPU.ActiveCfg = Release|Any CPU
		{89F95F52-3603-4FEF-87F7-EA6BA62E3922}.Release|Any CPU.Build.0 = Release|Any CPU
		{89F95F52-3603-4FEF-87F7-EA6BA62E3922}.Release|ARM.ActiveCfg = Release|Any CPU
		{89F95F52-3603-4FEF-87F7-EA6BA62E3922}.Release|ARM.Build.0 = Release|Any CPU
		{89F95F52-3603-4FEF-87F7-EA6BA62E3922}.Release|ARM64.ActiveCfg = Release|Any CPU
		{89F95F52-3603-4FEF-87F7-EA6BA62E3922}.Release|ARM64.Build.0 = Release|Any CPU
		{89F95F52-3603-4FEF-87F7-EA6BA62E3922}.Release|iPhone.ActiveCfg = Release|Any CPU
		{89F95F52-3603-4FEF-87F7-EA6BA62E3922}.Release|iPhone.Build.0 = Release|Any CPU
		{89F95F52-3603-4FEF-87F7-EA6BA62E3922}.Release|iPhoneSimulator.ActiveCfg = Release|Any CPU
		{89F95F52-3603-4FEF-87F7-EA6BA62E3922}.Release|iPhoneSimulator.Build.0 = Release|Any CPU
		{89F95F52-3603-4FEF-87F7-EA6BA62E3922}.Release|x64.ActiveCfg = Release|Any CPU
		{89F95F52-3603-4FEF-87F7-EA6BA62E3922}.Release|x64.Build.0 = Release|Any CPU
		{89F95F52-3603-4FEF-87F7-EA6BA62E3922}.Release|x86.ActiveCfg = Release|Any CPU
		{89F95F52-3603-4FEF-87F7-EA6BA62E3922}.Release|x86.Build.0 = Release|Any CPU
		{419A92E2-9578-4EB5-85F3-D24FE1CE300A}.Debug|Any CPU.ActiveCfg = Debug|Any CPU
		{419A92E2-9578-4EB5-85F3-D24FE1CE300A}.Debug|Any CPU.Build.0 = Debug|Any CPU
		{419A92E2-9578-4EB5-85F3-D24FE1CE300A}.Debug|ARM.ActiveCfg = Debug|Any CPU
		{419A92E2-9578-4EB5-85F3-D24FE1CE300A}.Debug|ARM.Build.0 = Debug|Any CPU
		{419A92E2-9578-4EB5-85F3-D24FE1CE300A}.Debug|ARM64.ActiveCfg = Debug|Any CPU
		{419A92E2-9578-4EB5-85F3-D24FE1CE300A}.Debug|ARM64.Build.0 = Debug|Any CPU
		{419A92E2-9578-4EB5-85F3-D24FE1CE300A}.Debug|iPhone.ActiveCfg = Debug|Any CPU
		{419A92E2-9578-4EB5-85F3-D24FE1CE300A}.Debug|iPhone.Build.0 = Debug|Any CPU
		{419A92E2-9578-4EB5-85F3-D24FE1CE300A}.Debug|iPhoneSimulator.ActiveCfg = Debug|Any CPU
		{419A92E2-9578-4EB5-85F3-D24FE1CE300A}.Debug|iPhoneSimulator.Build.0 = Debug|Any CPU
		{419A92E2-9578-4EB5-85F3-D24FE1CE300A}.Debug|x64.ActiveCfg = Debug|Any CPU
		{419A92E2-9578-4EB5-85F3-D24FE1CE300A}.Debug|x64.Build.0 = Debug|Any CPU
		{419A92E2-9578-4EB5-85F3-D24FE1CE300A}.Debug|x86.ActiveCfg = Debug|Any CPU
		{419A92E2-9578-4EB5-85F3-D24FE1CE300A}.Debug|x86.Build.0 = Debug|Any CPU
		{419A92E2-9578-4EB5-85F3-D24FE1CE300A}.Release|Any CPU.ActiveCfg = Release|Any CPU
		{419A92E2-9578-4EB5-85F3-D24FE1CE300A}.Release|Any CPU.Build.0 = Release|Any CPU
		{419A92E2-9578-4EB5-85F3-D24FE1CE300A}.Release|ARM.ActiveCfg = Release|Any CPU
		{419A92E2-9578-4EB5-85F3-D24FE1CE300A}.Release|ARM.Build.0 = Release|Any CPU
		{419A92E2-9578-4EB5-85F3-D24FE1CE300A}.Release|ARM64.ActiveCfg = Release|Any CPU
		{419A92E2-9578-4EB5-85F3-D24FE1CE300A}.Release|ARM64.Build.0 = Release|Any CPU
		{419A92E2-9578-4EB5-85F3-D24FE1CE300A}.Release|iPhone.ActiveCfg = Release|Any CPU
		{419A92E2-9578-4EB5-85F3-D24FE1CE300A}.Release|iPhone.Build.0 = Release|Any CPU
		{419A92E2-9578-4EB5-85F3-D24FE1CE300A}.Release|iPhoneSimulator.ActiveCfg = Release|Any CPU
		{419A92E2-9578-4EB5-85F3-D24FE1CE300A}.Release|iPhoneSimulator.Build.0 = Release|Any CPU
		{419A92E2-9578-4EB5-85F3-D24FE1CE300A}.Release|x64.ActiveCfg = Release|Any CPU
		{419A92E2-9578-4EB5-85F3-D24FE1CE300A}.Release|x64.Build.0 = Release|Any CPU
		{419A92E2-9578-4EB5-85F3-D24FE1CE300A}.Release|x86.ActiveCfg = Release|Any CPU
		{419A92E2-9578-4EB5-85F3-D24FE1CE300A}.Release|x86.Build.0 = Release|Any CPU
		{402D9779-9E7B-4A72-8671-D46709625D65}.Debug|Any CPU.ActiveCfg = Debug|Any CPU
		{402D9779-9E7B-4A72-8671-D46709625D65}.Debug|Any CPU.Build.0 = Debug|Any CPU
		{402D9779-9E7B-4A72-8671-D46709625D65}.Debug|ARM.ActiveCfg = Debug|Any CPU
		{402D9779-9E7B-4A72-8671-D46709625D65}.Debug|ARM.Build.0 = Debug|Any CPU
		{402D9779-9E7B-4A72-8671-D46709625D65}.Debug|ARM64.ActiveCfg = Debug|Any CPU
		{402D9779-9E7B-4A72-8671-D46709625D65}.Debug|ARM64.Build.0 = Debug|Any CPU
		{402D9779-9E7B-4A72-8671-D46709625D65}.Debug|iPhone.ActiveCfg = Debug|Any CPU
		{402D9779-9E7B-4A72-8671-D46709625D65}.Debug|iPhone.Build.0 = Debug|Any CPU
		{402D9779-9E7B-4A72-8671-D46709625D65}.Debug|iPhoneSimulator.ActiveCfg = Debug|Any CPU
		{402D9779-9E7B-4A72-8671-D46709625D65}.Debug|iPhoneSimulator.Build.0 = Debug|Any CPU
		{402D9779-9E7B-4A72-8671-D46709625D65}.Debug|x64.ActiveCfg = Debug|Any CPU
		{402D9779-9E7B-4A72-8671-D46709625D65}.Debug|x64.Build.0 = Debug|Any CPU
		{402D9779-9E7B-4A72-8671-D46709625D65}.Debug|x86.ActiveCfg = Debug|Any CPU
		{402D9779-9E7B-4A72-8671-D46709625D65}.Debug|x86.Build.0 = Debug|Any CPU
		{402D9779-9E7B-4A72-8671-D46709625D65}.Release|Any CPU.ActiveCfg = Release|Any CPU
		{402D9779-9E7B-4A72-8671-D46709625D65}.Release|Any CPU.Build.0 = Release|Any CPU
		{402D9779-9E7B-4A72-8671-D46709625D65}.Release|ARM.ActiveCfg = Release|Any CPU
		{402D9779-9E7B-4A72-8671-D46709625D65}.Release|ARM.Build.0 = Release|Any CPU
		{402D9779-9E7B-4A72-8671-D46709625D65}.Release|ARM64.ActiveCfg = Release|Any CPU
		{402D9779-9E7B-4A72-8671-D46709625D65}.Release|ARM64.Build.0 = Release|Any CPU
		{402D9779-9E7B-4A72-8671-D46709625D65}.Release|iPhone.ActiveCfg = Release|Any CPU
		{402D9779-9E7B-4A72-8671-D46709625D65}.Release|iPhone.Build.0 = Release|Any CPU
		{402D9779-9E7B-4A72-8671-D46709625D65}.Release|iPhoneSimulator.ActiveCfg = Release|Any CPU
		{402D9779-9E7B-4A72-8671-D46709625D65}.Release|iPhoneSimulator.Build.0 = Release|Any CPU
		{402D9779-9E7B-4A72-8671-D46709625D65}.Release|x64.ActiveCfg = Release|Any CPU
		{402D9779-9E7B-4A72-8671-D46709625D65}.Release|x64.Build.0 = Release|Any CPU
		{402D9779-9E7B-4A72-8671-D46709625D65}.Release|x86.ActiveCfg = Release|Any CPU
		{402D9779-9E7B-4A72-8671-D46709625D65}.Release|x86.Build.0 = Release|Any CPU
	EndGlobalSection
	GlobalSection(SolutionProperties) = preSolution
		HideSolutionNode = FALSE
	EndGlobalSection
	GlobalSection(ExtensibilityGlobals) = postSolution
		SolutionGuid = {7391D75A-9D98-40E7-AC96-E118741B25A4}
	EndGlobalSection
EndGlobal
